
Microsoft Visual Studio Solution File, Format Version 12.00
# Visual Studio 15
VisualStudioVersion = 15.0.27130.2027
MinimumVisualStudioVersion = 10.0.40219.1
Project("{8BC9CEB8-8B4A-11D0-8D11-00A0C91BC942}") = "TimeTest", "TimeTest\TimeTest.vcxproj", "{9B93CC19-C7FA-43BC-8BB4-26DC1DAAC70C}"
EndProject
Project("{8BC9CEB8-8B4A-11D0-8D11-00A0C91BC942}") = "Brainfuck", "Brainfuck\Brainfuck.vcxproj", "{9926C24F-0454-4484-88D7-197E4A686586}"
EndProject
Project("{8BC9CEB8-8B4A-11D0-8D11-00A0C91BC942}") = "Brainfuck2", "Brainfuck2\Brainfuck2.vcxproj", "{8F74009D-0166-4645-B691-CAC4E5234D56}"
EndProject
Project("{8BC9CEB8-8B4A-11D0-8D11-00A0C91BC942}") = "Klass", "Klass\Klass.vcxproj", "{3D0A7B28-774E-444B-A434-858981A7B852}"
EndProject
Global
	GlobalSection(SolutionConfigurationPlatforms) = preSolution
		Debug|x64 = Debug|x64
		Debug|x86 = Debug|x86
		Release|x64 = Release|x64
		Release|x86 = Release|x86
	EndGlobalSection
	GlobalSection(ProjectConfigurationPlatforms) = postSolution
		{9B93CC19-C7FA-43BC-8BB4-26DC1DAAC70C}.Debug|x64.ActiveCfg = Debug|x64
		{9B93CC19-C7FA-43BC-8BB4-26DC1DAAC70C}.Debug|x64.Build.0 = Debug|x64
		{9B93CC19-C7FA-43BC-8BB4-26DC1DAAC70C}.Debug|x86.ActiveCfg = Debug|Win32
		{9B93CC19-C7FA-43BC-8BB4-26DC1DAAC70C}.Debug|x86.Build.0 = Debug|Win32
		{9B93CC19-C7FA-43BC-8BB4-26DC1DAAC70C}.Release|x64.ActiveCfg = Release|x64
		{9B93CC19-C7FA-43BC-8BB4-26DC1DAAC70C}.Release|x64.Build.0 = Release|x64
		{9B93CC19-C7FA-43BC-8BB4-26DC1DAAC70C}.Release|x86.ActiveCfg = Release|Win32
		{9B93CC19-C7FA-43BC-8BB4-26DC1DAAC70C}.Release|x86.Build.0 = Release|Win32
		{9926C24F-0454-4484-88D7-197E4A686586}.Debug|x64.ActiveCfg = Debug|x64
		{9926C24F-0454-4484-88D7-197E4A686586}.Debug|x64.Build.0 = Debug|x64
		{9926C24F-0454-4484-88D7-197E4A686586}.Debug|x86.ActiveCfg = Debug|Win32
		{9926C24F-0454-4484-88D7-197E4A686586}.Debug|x86.Build.0 = Debug|Win32
		{9926C24F-0454-4484-88D7-197E4A686586}.Release|x64.ActiveCfg = Release|x64
		{9926C24F-0454-4484-88D7-197E4A686586}.Release|x64.Build.0 = Release|x64
		{9926C24F-0454-4484-88D7-197E4A686586}.Release|x86.ActiveCfg = Release|Win32
		{9926C24F-0454-4484-88D7-197E4A686586}.Release|x86.Build.0 = Release|Win32
		{8F74009D-0166-4645-B691-CAC4E5234D56}.Debug|x64.ActiveCfg = Debug|x64
		{8F74009D-0166-4645-B691-CAC4E5234D56}.Debug|x64.Build.0 = Debug|x64
		{8F74009D-0166-4645-B691-CAC4E5234D56}.Debug|x86.ActiveCfg = Debug|Win32
		{8F74009D-0166-4645-B691-CAC4E5234D56}.Debug|x86.Build.0 = Debug|Win32
		{8F74009D-0166-4645-B691-CAC4E5234D56}.Release|x64.ActiveCfg = Release|x64
		{8F74009D-0166-4645-B691-CAC4E5234D56}.Release|x64.Build.0 = Release|x64
		{8F74009D-0166-4645-B691-CAC4E5234D56}.Release|x86.ActiveCfg = Release|Win32
		{8F74009D-0166-4645-B691-CAC4E5234D56}.Release|x86.Build.0 = Release|Win32
		{3D0A7B28-774E-444B-A434-858981A7B852}.Debug|x64.ActiveCfg = Debug|x64
		{3D0A7B28-774E-444B-A434-858981A7B852}.Debug|x64.Build.0 = Debug|x64
		{3D0A7B28-774E-444B-A434-858981A7B852}.Debug|x86.ActiveCfg = Debug|Win32
		{3D0A7B28-774E-444B-A434-858981A7B852}.Debug|x86.Build.0 = Debug|Win32
		{3D0A7B28-774E-444B-A434-858981A7B852}.Release|x64.ActiveCfg = Release|x64
		{3D0A7B28-774E-444B-A434-858981A7B852}.Release|x64.Build.0 = Release|x64
		{3D0A7B28-774E-444B-A434-858981A7B852}.Release|x86.ActiveCfg = Release|Win32
		{3D0A7B28-774E-444B-A434-858981A7B852}.Release|x86.Build.0 = Release|Win32
	EndGlobalSection
	GlobalSection(SolutionProperties) = preSolution
		HideSolutionNode = FALSE
	EndGlobalSection
	GlobalSection(ExtensibilityGlobals) = postSolution
		SolutionGuid = {10FF3CF3-71D4-4014-BF55-6CC1CE56ECDB}
	EndGlobalSection
EndGlobal
