
Microsoft Visual Studio Solution File, Format Version 12.00
# Visual Studio 15
VisualStudioVersion = 15.0.27130.2027
MinimumVisualStudioVersion = 10.0.40219.1
Project("{8BC9CEB8-8B4A-11D0-8D11-00A0C91BC942}") = "TimeTest", "TimeTest\TimeTest.vcxproj", "{9B93CC19-C7FA-43BC-8BB4-26DC1DAAC70C}"
EndProject
Project("{8BC9CEB8-8B4A-11D0-8D11-00A0C91BC942}") = "Brainfuck", "Brainfuck\Brainfuck.vcxproj", "{9926C24F-0454-4484-88D7-197E4A686586}"
EndProject
Project("{8BC9CEB8-8B4A-11D0-8D11-00A0C91BC942}") = "Brainfuck2", "Brainfuck2\Brainfuck2.vcxproj", "{8F74009D-0166-4645-B691-CAC4E5234D56}"
EndProject
Project("{8BC9CEB8-8B4A-11D0-8D11-00A0C91BC942}") = "Klass", "Klass\Klass.vcxproj", "{3D0A7B28-774E-444B-A434-858981A7B852}"
EndProject
Project("{8BC9CEB8-8B4A-11D0-8D11-00A0C91BC942}") = "Matematix", "Matematix\Matematix.vcxproj", "{394ECE67-8F61-4689-A8AD-C93750F3942D}"
EndProject
Project("{8BC9CEB8-8B4A-11D0-8D11-00A0C91BC942}") = "XDDD", "XDDD\XDDD.vcxproj", "{E3026412-5F8A-4594-A7C3-FC44D75A1C64}"
EndProject
Project("{8BC9CEB8-8B4A-11D0-8D11-00A0C91BC942}") = "Cubbe", "Cubbe\Cubbe.vcxproj", "{62A84797-B38E-4D05-A03E-5A991F4DBA1F}"
EndProject
Project("{8BC9CEB8-8B4A-11D0-8D11-00A0C91BC942}") = "Emptygl", "Emptygl\Emptygl.vcxproj", "{6EF2561A-9C3A-4957-B0C5-E527E4706D6B}"
EndProject
Project("{8BC9CEB8-8B4A-11D0-8D11-00A0C91BC942}") = "HeaderTest", "HeaderTest\HeaderTest.vcxproj", "{DEC544E4-F9F9-4B48-BAF1-24B889E2D330}"
EndProject
Project("{8BC9CEB8-8B4A-11D0-8D11-00A0C91BC942}") = "SFMLpls", "SFMLpls\SFMLpls.vcxproj", "{1A406712-D782-4BA3-BB7A-8CA2C674EE8E}"
EndProject
Project("{8BC9CEB8-8B4A-11D0-8D11-00A0C91BC942}") = "AutoPtr", "AutoPtr\AutoPtr.vcxproj", "{75C0B4D9-D4D8-442F-B931-942079174B17}"
EndProject
Project("{8BC9CEB8-8B4A-11D0-8D11-00A0C91BC942}") = "OiFile", "OiFile\OiFile.vcxproj", "{741341D1-FFAA-40AC-B512-038F606CED90}"
EndProject
Project("{8BC9CEB8-8B4A-11D0-8D11-00A0C91BC942}") = "ObjectTesting", "ObjectTesting\ObjectTesting.vcxproj", "{F1AC4339-9D3B-49FC-A025-39F3F2806BAF}"
EndProject
Project("{8BC9CEB8-8B4A-11D0-8D11-00A0C91BC942}") = "PolymorphicSwap", "PolymorphicSwap\PolymorphicSwap.vcxproj", "{0DB87C29-9873-4926-861C-61797B94BCBB}"
EndProject
Project("{8BC9CEB8-8B4A-11D0-8D11-00A0C91BC942}") = "CinderTEst", "CinderTEst\CinderTEst.vcxproj", "{83F627F1-4194-4F69-903A-0CDD821AF8A0}"
EndProject
Global
	GlobalSection(SolutionConfigurationPlatforms) = preSolution
		Debug|x64 = Debug|x64
		Debug|x86 = Debug|x86
		Release|x64 = Release|x64
		Release|x86 = Release|x86
	EndGlobalSection
	GlobalSection(ProjectConfigurationPlatforms) = postSolution
		{9B93CC19-C7FA-43BC-8BB4-26DC1DAAC70C}.Debug|x64.ActiveCfg = Debug|x64
		{9B93CC19-C7FA-43BC-8BB4-26DC1DAAC70C}.Debug|x64.Build.0 = Debug|x64
		{9B93CC19-C7FA-43BC-8BB4-26DC1DAAC70C}.Debug|x86.ActiveCfg = Debug|Win32
		{9B93CC19-C7FA-43BC-8BB4-26DC1DAAC70C}.Debug|x86.Build.0 = Debug|Win32
		{9B93CC19-C7FA-43BC-8BB4-26DC1DAAC70C}.Release|x64.ActiveCfg = Release|x64
		{9B93CC19-C7FA-43BC-8BB4-26DC1DAAC70C}.Release|x64.Build.0 = Release|x64
		{9B93CC19-C7FA-43BC-8BB4-26DC1DAAC70C}.Release|x86.ActiveCfg = Debug|Win32
		{9B93CC19-C7FA-43BC-8BB4-26DC1DAAC70C}.Release|x86.Build.0 = Debug|Win32
		{9926C24F-0454-4484-88D7-197E4A686586}.Debug|x64.ActiveCfg = Debug|x64
		{9926C24F-0454-4484-88D7-197E4A686586}.Debug|x64.Build.0 = Debug|x64
		{9926C24F-0454-4484-88D7-197E4A686586}.Debug|x86.ActiveCfg = Debug|Win32
		{9926C24F-0454-4484-88D7-197E4A686586}.Debug|x86.Build.0 = Debug|Win32
		{9926C24F-0454-4484-88D7-197E4A686586}.Release|x64.ActiveCfg = Release|x64
		{9926C24F-0454-4484-88D7-197E4A686586}.Release|x64.Build.0 = Release|x64
		{9926C24F-0454-4484-88D7-197E4A686586}.Release|x86.ActiveCfg = Debug|Win32
		{9926C24F-0454-4484-88D7-197E4A686586}.Release|x86.Build.0 = Debug|Win32
		{8F74009D-0166-4645-B691-CAC4E5234D56}.Debug|x64.ActiveCfg = Debug|x64
		{8F74009D-0166-4645-B691-CAC4E5234D56}.Debug|x64.Build.0 = Debug|x64
		{8F74009D-0166-4645-B691-CAC4E5234D56}.Debug|x86.ActiveCfg = Debug|Win32
		{8F74009D-0166-4645-B691-CAC4E5234D56}.Debug|x86.Build.0 = Debug|Win32
		{8F74009D-0166-4645-B691-CAC4E5234D56}.Release|x64.ActiveCfg = Release|x64
		{8F74009D-0166-4645-B691-CAC4E5234D56}.Release|x64.Build.0 = Release|x64
		{8F74009D-0166-4645-B691-CAC4E5234D56}.Release|x86.ActiveCfg = Debug|Win32
		{8F74009D-0166-4645-B691-CAC4E5234D56}.Release|x86.Build.0 = Debug|Win32
		{3D0A7B28-774E-444B-A434-858981A7B852}.Debug|x64.ActiveCfg = Debug|x64
		{3D0A7B28-774E-444B-A434-858981A7B852}.Debug|x64.Build.0 = Debug|x64
		{3D0A7B28-774E-444B-A434-858981A7B852}.Debug|x86.ActiveCfg = Debug|Win32
		{3D0A7B28-774E-444B-A434-858981A7B852}.Debug|x86.Build.0 = Debug|Win32
		{3D0A7B28-774E-444B-A434-858981A7B852}.Release|x64.ActiveCfg = Release|x64
		{3D0A7B28-774E-444B-A434-858981A7B852}.Release|x64.Build.0 = Release|x64
		{3D0A7B28-774E-444B-A434-858981A7B852}.Release|x86.ActiveCfg = Debug|Win32
		{3D0A7B28-774E-444B-A434-858981A7B852}.Release|x86.Build.0 = Debug|Win32
		{394ECE67-8F61-4689-A8AD-C93750F3942D}.Debug|x64.ActiveCfg = Debug|x64
		{394ECE67-8F61-4689-A8AD-C93750F3942D}.Debug|x64.Build.0 = Debug|x64
		{394ECE67-8F61-4689-A8AD-C93750F3942D}.Debug|x86.ActiveCfg = Debug|Win32
		{394ECE67-8F61-4689-A8AD-C93750F3942D}.Debug|x86.Build.0 = Debug|Win32
		{394ECE67-8F61-4689-A8AD-C93750F3942D}.Release|x64.ActiveCfg = Release|x64
		{394ECE67-8F61-4689-A8AD-C93750F3942D}.Release|x64.Build.0 = Release|x64
		{394ECE67-8F61-4689-A8AD-C93750F3942D}.Release|x86.ActiveCfg = Debug|Win32
		{394ECE67-8F61-4689-A8AD-C93750F3942D}.Release|x86.Build.0 = Debug|Win32
		{E3026412-5F8A-4594-A7C3-FC44D75A1C64}.Debug|x64.ActiveCfg = Debug|x64
		{E3026412-5F8A-4594-A7C3-FC44D75A1C64}.Debug|x64.Build.0 = Debug|x64
		{E3026412-5F8A-4594-A7C3-FC44D75A1C64}.Debug|x86.ActiveCfg = Debug|Win32
		{E3026412-5F8A-4594-A7C3-FC44D75A1C64}.Debug|x86.Build.0 = Debug|Win32
		{E3026412-5F8A-4594-A7C3-FC44D75A1C64}.Release|x64.ActiveCfg = Release|x64
		{E3026412-5F8A-4594-A7C3-FC44D75A1C64}.Release|x64.Build.0 = Release|x64
		{E3026412-5F8A-4594-A7C3-FC44D75A1C64}.Release|x86.ActiveCfg = Debug|Win32
		{E3026412-5F8A-4594-A7C3-FC44D75A1C64}.Release|x86.Build.0 = Debug|Win32
		{62A84797-B38E-4D05-A03E-5A991F4DBA1F}.Debug|x64.ActiveCfg = Debug|x64
		{62A84797-B38E-4D05-A03E-5A991F4DBA1F}.Debug|x64.Build.0 = Debug|x64
		{62A84797-B38E-4D05-A03E-5A991F4DBA1F}.Debug|x86.ActiveCfg = Debug|Win32
		{62A84797-B38E-4D05-A03E-5A991F4DBA1F}.Debug|x86.Build.0 = Debug|Win32
		{62A84797-B38E-4D05-A03E-5A991F4DBA1F}.Release|x64.ActiveCfg = Release|x64
		{62A84797-B38E-4D05-A03E-5A991F4DBA1F}.Release|x64.Build.0 = Release|x64
		{62A84797-B38E-4D05-A03E-5A991F4DBA1F}.Release|x86.ActiveCfg = Debug|Win32
		{62A84797-B38E-4D05-A03E-5A991F4DBA1F}.Release|x86.Build.0 = Debug|Win32
		{6EF2561A-9C3A-4957-B0C5-E527E4706D6B}.Debug|x64.ActiveCfg = Debug|x64
		{6EF2561A-9C3A-4957-B0C5-E527E4706D6B}.Debug|x64.Build.0 = Debug|x64
		{6EF2561A-9C3A-4957-B0C5-E527E4706D6B}.Debug|x86.ActiveCfg = Debug|Win32
		{6EF2561A-9C3A-4957-B0C5-E527E4706D6B}.Debug|x86.Build.0 = Debug|Win32
		{6EF2561A-9C3A-4957-B0C5-E527E4706D6B}.Release|x64.ActiveCfg = Release|x64
		{6EF2561A-9C3A-4957-B0C5-E527E4706D6B}.Release|x64.Build.0 = Release|x64
		{6EF2561A-9C3A-4957-B0C5-E527E4706D6B}.Release|x86.ActiveCfg = Debug|Win32
		{6EF2561A-9C3A-4957-B0C5-E527E4706D6B}.Release|x86.Build.0 = Debug|Win32
		{DEC544E4-F9F9-4B48-BAF1-24B889E2D330}.Debug|x64.ActiveCfg = Debug|x64
		{DEC544E4-F9F9-4B48-BAF1-24B889E2D330}.Debug|x64.Build.0 = Debug|x64
		{DEC544E4-F9F9-4B48-BAF1-24B889E2D330}.Debug|x86.ActiveCfg = Debug|Win32
		{DEC544E4-F9F9-4B48-BAF1-24B889E2D330}.Debug|x86.Build.0 = Debug|Win32
		{DEC544E4-F9F9-4B48-BAF1-24B889E2D330}.Release|x64.ActiveCfg = Release|x64
		{DEC544E4-F9F9-4B48-BAF1-24B889E2D330}.Release|x64.Build.0 = Release|x64
		{DEC544E4-F9F9-4B48-BAF1-24B889E2D330}.Release|x86.ActiveCfg = Debug|Win32
		{DEC544E4-F9F9-4B48-BAF1-24B889E2D330}.Release|x86.Build.0 = Debug|Win32
		{1A406712-D782-4BA3-BB7A-8CA2C674EE8E}.Debug|x64.ActiveCfg = Debug|x64
		{1A406712-D782-4BA3-BB7A-8CA2C674EE8E}.Debug|x64.Build.0 = Debug|x64
		{1A406712-D782-4BA3-BB7A-8CA2C674EE8E}.Debug|x86.ActiveCfg = Debug|Win32
		{1A406712-D782-4BA3-BB7A-8CA2C674EE8E}.Debug|x86.Build.0 = Debug|Win32
		{1A406712-D782-4BA3-BB7A-8CA2C674EE8E}.Release|x64.ActiveCfg = Release|x64
		{1A406712-D782-4BA3-BB7A-8CA2C674EE8E}.Release|x64.Build.0 = Release|x64
		{1A406712-D782-4BA3-BB7A-8CA2C674EE8E}.Release|x86.ActiveCfg = Release|Win32
		{1A406712-D782-4BA3-BB7A-8CA2C674EE8E}.Release|x86.Build.0 = Release|Win32
		{75C0B4D9-D4D8-442F-B931-942079174B17}.Debug|x64.ActiveCfg = Debug|x64
		{75C0B4D9-D4D8-442F-B931-942079174B17}.Debug|x64.Build.0 = Debug|x64
		{75C0B4D9-D4D8-442F-B931-942079174B17}.Debug|x86.ActiveCfg = Debug|Win32
		{75C0B4D9-D4D8-442F-B931-942079174B17}.Debug|x86.Build.0 = Debug|Win32
		{75C0B4D9-D4D8-442F-B931-942079174B17}.Release|x64.ActiveCfg = Release|x64
		{75C0B4D9-D4D8-442F-B931-942079174B17}.Release|x64.Build.0 = Release|x64
		{75C0B4D9-D4D8-442F-B931-942079174B17}.Release|x86.ActiveCfg = Release|Win32
		{75C0B4D9-D4D8-442F-B931-942079174B17}.Release|x86.Build.0 = Release|Win32
		{741341D1-FFAA-40AC-B512-038F606CED90}.Debug|x64.ActiveCfg = Debug|x64
		{741341D1-FFAA-40AC-B512-038F606CED90}.Debug|x64.Build.0 = Debug|x64
		{741341D1-FFAA-40AC-B512-038F606CED90}.Debug|x86.ActiveCfg = Debug|Win32
		{741341D1-FFAA-40AC-B512-038F606CED90}.Debug|x86.Build.0 = Debug|Win32
		{741341D1-FFAA-40AC-B512-038F606CED90}.Release|x64.ActiveCfg = Release|x64
		{741341D1-FFAA-40AC-B512-038F606CED90}.Release|x64.Build.0 = Release|x64
		{741341D1-FFAA-40AC-B512-038F606CED90}.Release|x86.ActiveCfg = Release|Win32
		{741341D1-FFAA-40AC-B512-038F606CED90}.Release|x86.Build.0 = Release|Win32
		{F1AC4339-9D3B-49FC-A025-39F3F2806BAF}.Debug|x64.ActiveCfg = Debug|x64
		{F1AC4339-9D3B-49FC-A025-39F3F2806BAF}.Debug|x64.Build.0 = Debug|x64
		{F1AC4339-9D3B-49FC-A025-39F3F2806BAF}.Debug|x86.ActiveCfg = Debug|Win32
		{F1AC4339-9D3B-49FC-A025-39F3F2806BAF}.Debug|x86.Build.0 = Debug|Win32
		{F1AC4339-9D3B-49FC-A025-39F3F2806BAF}.Release|x64.ActiveCfg = Release|x64
		{F1AC4339-9D3B-49FC-A025-39F3F2806BAF}.Release|x64.Build.0 = Release|x64
		{F1AC4339-9D3B-49FC-A025-39F3F2806BAF}.Release|x86.ActiveCfg = Release|Win32
		{F1AC4339-9D3B-49FC-A025-39F3F2806BAF}.Release|x86.Build.0 = Release|Win32
		{0DB87C29-9873-4926-861C-61797B94BCBB}.Debug|x64.ActiveCfg = Debug|x64
		{0DB87C29-9873-4926-861C-61797B94BCBB}.Debug|x64.Build.0 = Debug|x64
		{0DB87C29-9873-4926-861C-61797B94BCBB}.Debug|x86.ActiveCfg = Debug|Win32
		{0DB87C29-9873-4926-861C-61797B94BCBB}.Debug|x86.Build.0 = Debug|Win32
		{0DB87C29-9873-4926-861C-61797B94BCBB}.Release|x64.ActiveCfg = Release|x64
		{0DB87C29-9873-4926-861C-61797B94BCBB}.Release|x64.Build.0 = Release|x64
		{0DB87C29-9873-4926-861C-61797B94BCBB}.Release|x86.ActiveCfg = Release|Win32
		{0DB87C29-9873-4926-861C-61797B94BCBB}.Release|x86.Build.0 = Release|Win32
		{83F627F1-4194-4F69-903A-0CDD821AF8A0}.Debug|x64.ActiveCfg = Debug|x64
		{83F627F1-4194-4F69-903A-0CDD821AF8A0}.Debug|x64.Build.0 = Debug|x64
		{83F627F1-4194-4F69-903A-0CDD821AF8A0}.Debug|x86.ActiveCfg = Debug|Win32
		{83F627F1-4194-4F69-903A-0CDD821AF8A0}.Debug|x86.Build.0 = Debug|Win32
		{83F627F1-4194-4F69-903A-0CDD821AF8A0}.Release|x64.ActiveCfg = Release|x64
		{83F627F1-4194-4F69-903A-0CDD821AF8A0}.Release|x64.Build.0 = Release|x64
		{83F627F1-4194-4F69-903A-0CDD821AF8A0}.Release|x86.ActiveCfg = Release|Win32
		{83F627F1-4194-4F69-903A-0CDD821AF8A0}.Release|x86.Build.0 = Release|Win32
	EndGlobalSection
	GlobalSection(SolutionProperties) = preSolution
		HideSolutionNode = FALSE
	EndGlobalSection
	GlobalSection(ExtensibilityGlobals) = postSolution
		SolutionGuid = {10FF3CF3-71D4-4014-BF55-6CC1CE56ECDB}
	EndGlobalSection
EndGlobal
