
Microsoft Visual Studio Solution File, Format Version 12.00
# Visual Studio Version 16
VisualStudioVersion = 16.0.29709.97
MinimumVisualStudioVersion = 10.0.40219.1
Project("{8BC9CEB8-8B4A-11D0-8D11-00A0C91BC942}") = "ChernoOpenGL", "ChernoOpenGL\ChernoOpenGL.vcxproj", "{D37B50EB-F54D-4138-9359-337592E61E88}"
EndProject
Project("{8BC9CEB8-8B4A-11D0-8D11-00A0C91BC942}") = "test_vcpkg_glfw", "test_vcpkg_glfw\test_vcpkg_glfw.vcxproj", "{AF2C328D-38EF-48A1-8888-A6B204FC97F4}"
EndProject
Project("{8BC9CEB8-8B4A-11D0-8D11-00A0C91BC942}") = "ChernoOpenGL_second", "ChernoOpenGL_second\ChernoOpenGL_second.vcxproj", "{A301877B-09CA-4758-B82C-BB6D435BEBFC}"
EndProject
Project("{8BC9CEB8-8B4A-11D0-8D11-00A0C91BC942}") = "ChernoOpenGL_rework", "ChernoOpenGL_rework\ChernoOpenGL_rework.vcxproj", "{E88B0EAA-B8D5-4D36-B9B0-1F3EDAB65B86}"
EndProject
Global
	GlobalSection(SolutionConfigurationPlatforms) = preSolution
		Debug|x64 = Debug|x64
		Debug|x86 = Debug|x86
		Release|x64 = Release|x64
		Release|x86 = Release|x86
	EndGlobalSection
	GlobalSection(ProjectConfigurationPlatforms) = postSolution
		{D37B50EB-F54D-4138-9359-337592E61E88}.Debug|x64.ActiveCfg = Debug|x64
		{D37B50EB-F54D-4138-9359-337592E61E88}.Debug|x64.Build.0 = Debug|x64
		{D37B50EB-F54D-4138-9359-337592E61E88}.Debug|x86.ActiveCfg = Debug|Win32
		{D37B50EB-F54D-4138-9359-337592E61E88}.Debug|x86.Build.0 = Debug|Win32
		{D37B50EB-F54D-4138-9359-337592E61E88}.Release|x64.ActiveCfg = Release|x64
		{D37B50EB-F54D-4138-9359-337592E61E88}.Release|x64.Build.0 = Release|x64
		{D37B50EB-F54D-4138-9359-337592E61E88}.Release|x86.ActiveCfg = Release|Win32
		{D37B50EB-F54D-4138-9359-337592E61E88}.Release|x86.Build.0 = Release|Win32
		{AF2C328D-38EF-48A1-8888-A6B204FC97F4}.Debug|x64.ActiveCfg = Debug|x64
		{AF2C328D-38EF-48A1-8888-A6B204FC97F4}.Debug|x64.Build.0 = Debug|x64
		{AF2C328D-38EF-48A1-8888-A6B204FC97F4}.Debug|x86.ActiveCfg = Debug|Win32
		{AF2C328D-38EF-48A1-8888-A6B204FC97F4}.Debug|x86.Build.0 = Debug|Win32
		{AF2C328D-38EF-48A1-8888-A6B204FC97F4}.Release|x64.ActiveCfg = Release|x64
		{AF2C328D-38EF-48A1-8888-A6B204FC97F4}.Release|x64.Build.0 = Release|x64
		{AF2C328D-38EF-48A1-8888-A6B204FC97F4}.Release|x86.ActiveCfg = Release|Win32
		{AF2C328D-38EF-48A1-8888-A6B204FC97F4}.Release|x86.Build.0 = Release|Win32
		{A301877B-09CA-4758-B82C-BB6D435BEBFC}.Debug|x64.ActiveCfg = Debug|x64
		{A301877B-09CA-4758-B82C-BB6D435BEBFC}.Debug|x64.Build.0 = Debug|x64
		{A301877B-09CA-4758-B82C-BB6D435BEBFC}.Debug|x86.ActiveCfg = Debug|Win32
		{A301877B-09CA-4758-B82C-BB6D435BEBFC}.Debug|x86.Build.0 = Debug|Win32
		{A301877B-09CA-4758-B82C-BB6D435BEBFC}.Release|x64.ActiveCfg = Release|x64
		{A301877B-09CA-4758-B82C-BB6D435BEBFC}.Release|x64.Build.0 = Release|x64
		{A301877B-09CA-4758-B82C-BB6D435BEBFC}.Release|x86.ActiveCfg = Release|Win32
		{A301877B-09CA-4758-B82C-BB6D435BEBFC}.Release|x86.Build.0 = Release|Win32
		{E88B0EAA-B8D5-4D36-B9B0-1F3EDAB65B86}.Debug|x64.ActiveCfg = Debug|x64
		{E88B0EAA-B8D5-4D36-B9B0-1F3EDAB65B86}.Debug|x64.Build.0 = Debug|x64
		{E88B0EAA-B8D5-4D36-B9B0-1F3EDAB65B86}.Debug|x86.ActiveCfg = Debug|Win32
		{E88B0EAA-B8D5-4D36-B9B0-1F3EDAB65B86}.Debug|x86.Build.0 = Debug|Win32
		{E88B0EAA-B8D5-4D36-B9B0-1F3EDAB65B86}.Release|x64.ActiveCfg = Release|x64
		{E88B0EAA-B8D5-4D36-B9B0-1F3EDAB65B86}.Release|x64.Build.0 = Release|x64
		{E88B0EAA-B8D5-4D36-B9B0-1F3EDAB65B86}.Release|x86.ActiveCfg = Release|Win32
		{E88B0EAA-B8D5-4D36-B9B0-1F3EDAB65B86}.Release|x86.Build.0 = Release|Win32
	EndGlobalSection
	GlobalSection(SolutionProperties) = preSolution
		HideSolutionNode = FALSE
	EndGlobalSection
	GlobalSection(ExtensibilityGlobals) = postSolution
		SolutionGuid = {96992F46-3C4D-4F34-814D-E3E6627AB16A}
	EndGlobalSection
EndGlobal
