
Microsoft Visual Studio Solution File, Format Version 12.00
# Visual Studio Version 16
VisualStudioVersion = 16.0.30114.105
MinimumVisualStudioVersion = 10.0.40219.1
Project("{8BC9CEB8-8B4A-11D0-8D11-00A0C91BC942}") = "00_basic", "00_basic\00_basic.vcxproj", "{677A4E17-F05C-4213-86B1-49E59BD9E102}"
EndProject
Global
	GlobalSection(SolutionConfigurationPlatforms) = preSolution
		Debug|x64 = Debug|x64
		Debug|x86 = Debug|x86
		Release|x64 = Release|x64
		Release|x86 = Release|x86
	EndGlobalSection
	GlobalSection(ProjectConfigurationPlatforms) = postSolution
		{677A4E17-F05C-4213-86B1-49E59BD9E102}.Debug|x64.ActiveCfg = Debug|x64
		{677A4E17-F05C-4213-86B1-49E59BD9E102}.Debug|x64.Build.0 = Debug|x64
		{677A4E17-F05C-4213-86B1-49E59BD9E102}.Debug|x86.ActiveCfg = Debug|Win32
		{677A4E17-F05C-4213-86B1-49E59BD9E102}.Debug|x86.Build.0 = Debug|Win32
		{677A4E17-F05C-4213-86B1-49E59BD9E102}.Release|x64.ActiveCfg = Release|x64
		{677A4E17-F05C-4213-86B1-49E59BD9E102}.Release|x64.Build.0 = Release|x64
		{677A4E17-F05C-4213-86B1-49E59BD9E102}.Release|x86.ActiveCfg = Release|Win32
		{677A4E17-F05C-4213-86B1-49E59BD9E102}.Release|x86.Build.0 = Release|Win32
	EndGlobalSection
	GlobalSection(SolutionProperties) = preSolution
		HideSolutionNode = FALSE
	EndGlobalSection
	GlobalSection(ExtensibilityGlobals) = postSolution
		SolutionGuid = {84B358EA-7FB9-4962-B594-8AADFF88B5DC}
	EndGlobalSection
EndGlobal
