
Microsoft Visual Studio Solution File, Format Version 12.00
# Visual Studio Version 16
VisualStudioVersion = 16.0.30114.105
MinimumVisualStudioVersion = 10.0.40219.1
Project("{8BC9CEB8-8B4A-11D0-8D11-00A0C91BC942}") = "00_two_sum", "00_two_sum\00_two_sum.vcxproj", "{823C9C3F-8218-4F0E-848E-2B65BB58EBE1}"
EndProject
Project("{8BC9CEB8-8B4A-11D0-8D11-00A0C91BC942}") = "h00_hashtable", "h00_hashtable\h00_hashtable.vcxproj", "{57799329-0D5A-4518-8835-FE847B01F9AF}"
EndProject
Project("{8BC9CEB8-8B4A-11D0-8D11-00A0C91BC942}") = "01_add_two_numbers", "01_add_two_numbers\01_add_two_numbers.vcxproj", "{8913EEDC-8C27-47D3-8239-516FF77F97DE}"
EndProject
Project("{8BC9CEB8-8B4A-11D0-8D11-00A0C91BC942}") = "02_destination_city_cpp", "02_destination_city_cpp\02_destination_city_cpp.vcxproj", "{C51AAFA8-7ACE-4F94-8707-BBFE796027CA}"
EndProject
Project("{8BC9CEB8-8B4A-11D0-8D11-00A0C91BC942}") = "03_multiply_strings", "03_multiply_strings\03_multiply_strings.vcxproj", "{5024E4E4-8F82-4DFB-A5C7-0EFC3B920CBF}"
EndProject
Project("{8BC9CEB8-8B4A-11D0-8D11-00A0C91BC942}") = "04_assign_cookies", "04_assign_cookies\04_assign_cookies.vcxproj", "{45CC50B6-37FC-4BC8-9DB0-1F5D14970D7E}"
EndProject
Project("{8BC9CEB8-8B4A-11D0-8D11-00A0C91BC942}") = "05_assign_cookies_2", "05_assign_cookies_2\05_assign_cookies_2.vcxproj", "{C0AC2FA2-F024-45E8-AA0C-97B0CE071E06}"
EndProject
Global
	GlobalSection(SolutionConfigurationPlatforms) = preSolution
		Debug|x64 = Debug|x64
		Debug|x86 = Debug|x86
		Release|x64 = Release|x64
		Release|x86 = Release|x86
	EndGlobalSection
	GlobalSection(ProjectConfigurationPlatforms) = postSolution
		{823C9C3F-8218-4F0E-848E-2B65BB58EBE1}.Debug|x64.ActiveCfg = Debug|x64
		{823C9C3F-8218-4F0E-848E-2B65BB58EBE1}.Debug|x64.Build.0 = Debug|x64
		{823C9C3F-8218-4F0E-848E-2B65BB58EBE1}.Debug|x86.ActiveCfg = Debug|Win32
		{823C9C3F-8218-4F0E-848E-2B65BB58EBE1}.Debug|x86.Build.0 = Debug|Win32
		{823C9C3F-8218-4F0E-848E-2B65BB58EBE1}.Release|x64.ActiveCfg = Release|x64
		{823C9C3F-8218-4F0E-848E-2B65BB58EBE1}.Release|x64.Build.0 = Release|x64
		{823C9C3F-8218-4F0E-848E-2B65BB58EBE1}.Release|x86.ActiveCfg = Release|Win32
		{823C9C3F-8218-4F0E-848E-2B65BB58EBE1}.Release|x86.Build.0 = Release|Win32
		{57799329-0D5A-4518-8835-FE847B01F9AF}.Debug|x64.ActiveCfg = Debug|x64
		{57799329-0D5A-4518-8835-FE847B01F9AF}.Debug|x64.Build.0 = Debug|x64
		{57799329-0D5A-4518-8835-FE847B01F9AF}.Debug|x86.ActiveCfg = Debug|Win32
		{57799329-0D5A-4518-8835-FE847B01F9AF}.Debug|x86.Build.0 = Debug|Win32
		{57799329-0D5A-4518-8835-FE847B01F9AF}.Release|x64.ActiveCfg = Release|x64
		{57799329-0D5A-4518-8835-FE847B01F9AF}.Release|x64.Build.0 = Release|x64
		{57799329-0D5A-4518-8835-FE847B01F9AF}.Release|x86.ActiveCfg = Release|Win32
		{57799329-0D5A-4518-8835-FE847B01F9AF}.Release|x86.Build.0 = Release|Win32
		{8913EEDC-8C27-47D3-8239-516FF77F97DE}.Debug|x64.ActiveCfg = Debug|x64
		{8913EEDC-8C27-47D3-8239-516FF77F97DE}.Debug|x64.Build.0 = Debug|x64
		{8913EEDC-8C27-47D3-8239-516FF77F97DE}.Debug|x86.ActiveCfg = Debug|Win32
		{8913EEDC-8C27-47D3-8239-516FF77F97DE}.Debug|x86.Build.0 = Debug|Win32
		{8913EEDC-8C27-47D3-8239-516FF77F97DE}.Release|x64.ActiveCfg = Release|x64
		{8913EEDC-8C27-47D3-8239-516FF77F97DE}.Release|x64.Build.0 = Release|x64
		{8913EEDC-8C27-47D3-8239-516FF77F97DE}.Release|x86.ActiveCfg = Release|Win32
		{8913EEDC-8C27-47D3-8239-516FF77F97DE}.Release|x86.Build.0 = Release|Win32
		{C51AAFA8-7ACE-4F94-8707-BBFE796027CA}.Debug|x64.ActiveCfg = Debug|x64
		{C51AAFA8-7ACE-4F94-8707-BBFE796027CA}.Debug|x64.Build.0 = Debug|x64
		{C51AAFA8-7ACE-4F94-8707-BBFE796027CA}.Debug|x86.ActiveCfg = Debug|Win32
		{C51AAFA8-7ACE-4F94-8707-BBFE796027CA}.Debug|x86.Build.0 = Debug|Win32
		{C51AAFA8-7ACE-4F94-8707-BBFE796027CA}.Release|x64.ActiveCfg = Release|x64
		{C51AAFA8-7ACE-4F94-8707-BBFE796027CA}.Release|x64.Build.0 = Release|x64
		{C51AAFA8-7ACE-4F94-8707-BBFE796027CA}.Release|x86.ActiveCfg = Release|Win32
		{C51AAFA8-7ACE-4F94-8707-BBFE796027CA}.Release|x86.Build.0 = Release|Win32
		{5024E4E4-8F82-4DFB-A5C7-0EFC3B920CBF}.Debug|x64.ActiveCfg = Debug|x64
		{5024E4E4-8F82-4DFB-A5C7-0EFC3B920CBF}.Debug|x64.Build.0 = Debug|x64
		{5024E4E4-8F82-4DFB-A5C7-0EFC3B920CBF}.Debug|x86.ActiveCfg = Debug|Win32
		{5024E4E4-8F82-4DFB-A5C7-0EFC3B920CBF}.Debug|x86.Build.0 = Debug|Win32
		{5024E4E4-8F82-4DFB-A5C7-0EFC3B920CBF}.Release|x64.ActiveCfg = Release|x64
		{5024E4E4-8F82-4DFB-A5C7-0EFC3B920CBF}.Release|x64.Build.0 = Release|x64
		{5024E4E4-8F82-4DFB-A5C7-0EFC3B920CBF}.Release|x86.ActiveCfg = Release|Win32
		{5024E4E4-8F82-4DFB-A5C7-0EFC3B920CBF}.Release|x86.Build.0 = Release|Win32
		{45CC50B6-37FC-4BC8-9DB0-1F5D14970D7E}.Debug|x64.ActiveCfg = Debug|x64
		{45CC50B6-37FC-4BC8-9DB0-1F5D14970D7E}.Debug|x64.Build.0 = Debug|x64
		{45CC50B6-37FC-4BC8-9DB0-1F5D14970D7E}.Debug|x86.ActiveCfg = Debug|Win32
		{45CC50B6-37FC-4BC8-9DB0-1F5D14970D7E}.Debug|x86.Build.0 = Debug|Win32
		{45CC50B6-37FC-4BC8-9DB0-1F5D14970D7E}.Release|x64.ActiveCfg = Release|x64
		{45CC50B6-37FC-4BC8-9DB0-1F5D14970D7E}.Release|x64.Build.0 = Release|x64
		{45CC50B6-37FC-4BC8-9DB0-1F5D14970D7E}.Release|x86.ActiveCfg = Release|Win32
		{45CC50B6-37FC-4BC8-9DB0-1F5D14970D7E}.Release|x86.Build.0 = Release|Win32
		{C0AC2FA2-F024-45E8-AA0C-97B0CE071E06}.Debug|x64.ActiveCfg = Debug|x64
		{C0AC2FA2-F024-45E8-AA0C-97B0CE071E06}.Debug|x64.Build.0 = Debug|x64
		{C0AC2FA2-F024-45E8-AA0C-97B0CE071E06}.Debug|x86.ActiveCfg = Debug|Win32
		{C0AC2FA2-F024-45E8-AA0C-97B0CE071E06}.Debug|x86.Build.0 = Debug|Win32
		{C0AC2FA2-F024-45E8-AA0C-97B0CE071E06}.Release|x64.ActiveCfg = Release|x64
		{C0AC2FA2-F024-45E8-AA0C-97B0CE071E06}.Release|x64.Build.0 = Release|x64
		{C0AC2FA2-F024-45E8-AA0C-97B0CE071E06}.Release|x86.ActiveCfg = Release|Win32
		{C0AC2FA2-F024-45E8-AA0C-97B0CE071E06}.Release|x86.Build.0 = Release|Win32
	EndGlobalSection
	GlobalSection(SolutionProperties) = preSolution
		HideSolutionNode = FALSE
	EndGlobalSection
	GlobalSection(ExtensibilityGlobals) = postSolution
		SolutionGuid = {F03DA8D3-CB3D-409D-B793-D47ED6BFCC22}
	EndGlobalSection
EndGlobal
