
Microsoft Visual Studio Solution File, Format Version 12.00
# Visual Studio Version 16
VisualStudioVersion = 16.0.30011.22
MinimumVisualStudioVersion = 10.0.40219.1
Project("{8BC9CEB8-8B4A-11D0-8D11-00A0C91BC942}") = "gl_glfw00_site_tutorial", "gl_glfw00_site_tutorial\gl_glfw00_site_tutorial.vcxproj", "{F02F595D-9276-497C-82A0-BB653F7C4093}"
EndProject
Project("{8BC9CEB8-8B4A-11D0-8D11-00A0C91BC942}") = "c00_utf8", "t00_utf8\t00_utf8.vcxproj", "{8576CC8B-5354-4968-8845-3EB063CCD420}"
EndProject
Project("{8BC9CEB8-8B4A-11D0-8D11-00A0C91BC942}") = "c01_nuklear_hello", "t01_nuklear_hello\t01_nuklear_hello.vcxproj", "{127CD5EB-1B8D-487C-95BA-2481117CB2B2}"
EndProject
Project("{8BC9CEB8-8B4A-11D0-8D11-00A0C91BC942}") = "lib01_nana", "nana00_hello\nana00_hello.vcxproj", "{FDF6D054-70F1-4C2F-B7E6-9484E34472E8}"
EndProject
Project("{8BC9CEB8-8B4A-11D0-8D11-00A0C91BC942}") = "lib00_webview_zserge_please", "webview_zserge_please\webview_zserge_please.vcxproj", "{53D94356-ACE3-4AA5-9749-4A8285691026}"
EndProject
Project("{8BC9CEB8-8B4A-11D0-8D11-00A0C91BC942}") = "lib02_nlohman_json", "lib02_nlohman_json\lib02_nlohman_json.vcxproj", "{A62C19C3-0A4F-41E6-85DD-81C2A19B4616}"
EndProject
Project("{8BC9CEB8-8B4A-11D0-8D11-00A0C91BC942}") = "lib03_boosttest", "lib03_boosttest\lib03_boosttest.vcxproj", "{0580B3A3-E3DE-42E3-B2C2-1F6FBC405A31}"
EndProject
Project("{8BC9CEB8-8B4A-11D0-8D11-00A0C91BC942}") = "lib04_fmt", "lib04_fmt\lib04_fmt.vcxproj", "{A2E143F5-89E6-4DD5-AC90-DE92132D6263}"
EndProject
Project("{8BC9CEB8-8B4A-11D0-8D11-00A0C91BC942}") = "lib05_fmt_staticmd", "lib05_fmt_staticmd\lib05_fmt_staticmd.vcxproj", "{4A2ACC8B-A36A-4FCA-8B85-8DB1DCAC8CF5}"
EndProject
Project("{8BC9CEB8-8B4A-11D0-8D11-00A0C91BC942}") = "cpp00_optional", "cpp00_optional\cpp00_optional.vcxproj", "{0ED01847-5C22-4DD4-AEF0-A51137EF341E}"
EndProject
Project("{8BC9CEB8-8B4A-11D0-8D11-00A0C91BC942}") = "lib06_cpp-httlib", "lib06_cpp-httlib\lib06_cpp-httlib.vcxproj", "{D89764F8-60C2-468E-8B54-9B63A09C31A1}"
EndProject
Project("{8BC9CEB8-8B4A-11D0-8D11-00A0C91BC942}") = "gl_glfw01_dependency", "gl_glfw01_dependency\gl_glfw01_dependency.vcxproj", "{C2F3ABEF-723F-4274-88A2-ABDC5384058A}"
EndProject
Project("{8BC9CEB8-8B4A-11D0-8D11-00A0C91BC942}") = "c02_print_memory", "c02_print_memory\c02_print_memory.vcxproj", "{F63695F1-61EC-4F3D-8F00-E05669788CC9}"
EndProject
Project("{8BC9CEB8-8B4A-11D0-8D11-00A0C91BC942}") = "cpp01_assignment", "cpp01_assignment\cpp01_assignment.vcxproj", "{579136CE-0A31-4A4E-90DC-3C252E9038F9}"
EndProject
Project("{8BC9CEB8-8B4A-11D0-8D11-00A0C91BC942}") = "cpp02_autofunc", "cpp02_autofunc\cpp02_autofunc.vcxproj", "{00F85533-6F60-4B31-B53B-83F2FFD83C91}"
EndProject
Project("{8BC9CEB8-8B4A-11D0-8D11-00A0C91BC942}") = "cpp03_winbox", "cpp03_winbox\cpp03_winbox.vcxproj", "{B7CE6FB6-092E-471C-BFB0-C7EA28913FB3}"
EndProject
Project("{FAE04EC0-301F-11D3-BF4B-00C04F79EFBC}") = "cs00_hello", "cs00_hello\cs00_hello.csproj", "{FC0872D6-B466-475C-A7A5-EFCFC55A19AA}"
EndProject
Project("{8BC9CEB8-8B4A-11D0-8D11-00A0C91BC942}") = "dll00_fromtemplate", "dll00_fromtemplate\dll00_fromtemplate.vcxproj", "{12EC4450-C17D-473E-883B-4E1A52D9671C}"
EndProject
Project("{8BC9CEB8-8B4A-11D0-8D11-00A0C91BC942}") = "dll_client", "dll_client\dll_client.vcxproj", "{2ADBD005-957A-49D9-B7F1-DAC557F343EB}"
EndProject
Project("{FAE04EC0-301F-11D3-BF4B-00C04F79EFBC}") = "dll_client_csharp", "dll_client_csharp\dll_client_csharp.csproj", "{44E69A19-F5DB-4810-AF6E-12CE3BF19F5D}"
EndProject
Project("{8BC9CEB8-8B4A-11D0-8D11-00A0C91BC942}") = "cpp04_threadsbanas", "cpp04_threadsbanas\cpp04_threadsbanas.vcxproj", "{D0D6C8F8-064D-45C2-9D0F-6D44252BCDA9}"
EndProject
Project("{8BC9CEB8-8B4A-11D0-8D11-00A0C91BC942}") = "c03_union", "c03_union\c03_union.vcxproj", "{554578B2-A64C-4E51-ADD3-CCE16F772A67}"
EndProject
Project("{8BC9CEB8-8B4A-11D0-8D11-00A0C91BC942}") = "lib07_c_sdl2_test", "lib07_c_sdl2_test\lib07_c_sdl2_test.vcxproj", "{FB911242-4DC0-48E6-A4C5-7803F818C992}"
EndProject
Project("{8BC9CEB8-8B4A-11D0-8D11-00A0C91BC942}") = "lib08_sdl_image", "lib08_sdl_image\lib08_sdl_image.vcxproj", "{BA94B417-99A2-443E-BD16-F53FDC7F9883}"
EndProject
Global
	GlobalSection(SolutionConfigurationPlatforms) = preSolution
		Debug|Any CPU = Debug|Any CPU
		Debug|x64 = Debug|x64
		Debug|x86 = Debug|x86
		Release|Any CPU = Release|Any CPU
		Release|x64 = Release|x64
		Release|x86 = Release|x86
	EndGlobalSection
	GlobalSection(ProjectConfigurationPlatforms) = postSolution
		{F02F595D-9276-497C-82A0-BB653F7C4093}.Debug|Any CPU.ActiveCfg = Debug|Win32
		{F02F595D-9276-497C-82A0-BB653F7C4093}.Debug|x64.ActiveCfg = Debug|x64
		{F02F595D-9276-497C-82A0-BB653F7C4093}.Debug|x64.Build.0 = Debug|x64
		{F02F595D-9276-497C-82A0-BB653F7C4093}.Debug|x86.ActiveCfg = Debug|Win32
		{F02F595D-9276-497C-82A0-BB653F7C4093}.Debug|x86.Build.0 = Debug|Win32
		{F02F595D-9276-497C-82A0-BB653F7C4093}.Release|Any CPU.ActiveCfg = Release|Win32
		{F02F595D-9276-497C-82A0-BB653F7C4093}.Release|x64.ActiveCfg = Release|x64
		{F02F595D-9276-497C-82A0-BB653F7C4093}.Release|x64.Build.0 = Release|x64
		{F02F595D-9276-497C-82A0-BB653F7C4093}.Release|x86.ActiveCfg = Release|Win32
		{F02F595D-9276-497C-82A0-BB653F7C4093}.Release|x86.Build.0 = Release|Win32
		{8576CC8B-5354-4968-8845-3EB063CCD420}.Debug|Any CPU.ActiveCfg = Debug|Win32
		{8576CC8B-5354-4968-8845-3EB063CCD420}.Debug|x64.ActiveCfg = Debug|x64
		{8576CC8B-5354-4968-8845-3EB063CCD420}.Debug|x64.Build.0 = Debug|x64
		{8576CC8B-5354-4968-8845-3EB063CCD420}.Debug|x86.ActiveCfg = Debug|Win32
		{8576CC8B-5354-4968-8845-3EB063CCD420}.Debug|x86.Build.0 = Debug|Win32
		{8576CC8B-5354-4968-8845-3EB063CCD420}.Release|Any CPU.ActiveCfg = Release|Win32
		{8576CC8B-5354-4968-8845-3EB063CCD420}.Release|x64.ActiveCfg = Release|x64
		{8576CC8B-5354-4968-8845-3EB063CCD420}.Release|x64.Build.0 = Release|x64
		{8576CC8B-5354-4968-8845-3EB063CCD420}.Release|x86.ActiveCfg = Release|Win32
		{8576CC8B-5354-4968-8845-3EB063CCD420}.Release|x86.Build.0 = Release|Win32
		{127CD5EB-1B8D-487C-95BA-2481117CB2B2}.Debug|Any CPU.ActiveCfg = Debug|Win32
		{127CD5EB-1B8D-487C-95BA-2481117CB2B2}.Debug|x64.ActiveCfg = Debug|x64
		{127CD5EB-1B8D-487C-95BA-2481117CB2B2}.Debug|x64.Build.0 = Debug|x64
		{127CD5EB-1B8D-487C-95BA-2481117CB2B2}.Debug|x86.ActiveCfg = Debug|Win32
		{127CD5EB-1B8D-487C-95BA-2481117CB2B2}.Debug|x86.Build.0 = Debug|Win32
		{127CD5EB-1B8D-487C-95BA-2481117CB2B2}.Release|Any CPU.ActiveCfg = Release|Win32
		{127CD5EB-1B8D-487C-95BA-2481117CB2B2}.Release|x64.ActiveCfg = Release|x64
		{127CD5EB-1B8D-487C-95BA-2481117CB2B2}.Release|x64.Build.0 = Release|x64
		{127CD5EB-1B8D-487C-95BA-2481117CB2B2}.Release|x86.ActiveCfg = Release|Win32
		{127CD5EB-1B8D-487C-95BA-2481117CB2B2}.Release|x86.Build.0 = Release|Win32
		{FDF6D054-70F1-4C2F-B7E6-9484E34472E8}.Debug|Any CPU.ActiveCfg = Debug|Win32
		{FDF6D054-70F1-4C2F-B7E6-9484E34472E8}.Debug|x64.ActiveCfg = Debug|x64
		{FDF6D054-70F1-4C2F-B7E6-9484E34472E8}.Debug|x64.Build.0 = Debug|x64
		{FDF6D054-70F1-4C2F-B7E6-9484E34472E8}.Debug|x86.ActiveCfg = Debug|Win32
		{FDF6D054-70F1-4C2F-B7E6-9484E34472E8}.Debug|x86.Build.0 = Debug|Win32
		{FDF6D054-70F1-4C2F-B7E6-9484E34472E8}.Release|Any CPU.ActiveCfg = Release|Win32
		{FDF6D054-70F1-4C2F-B7E6-9484E34472E8}.Release|x64.ActiveCfg = Release|x64
		{FDF6D054-70F1-4C2F-B7E6-9484E34472E8}.Release|x64.Build.0 = Release|x64
		{FDF6D054-70F1-4C2F-B7E6-9484E34472E8}.Release|x86.ActiveCfg = Release|Win32
		{FDF6D054-70F1-4C2F-B7E6-9484E34472E8}.Release|x86.Build.0 = Release|Win32
		{53D94356-ACE3-4AA5-9749-4A8285691026}.Debug|Any CPU.ActiveCfg = Debug|Win32
		{53D94356-ACE3-4AA5-9749-4A8285691026}.Debug|x64.ActiveCfg = Debug|x64
		{53D94356-ACE3-4AA5-9749-4A8285691026}.Debug|x64.Build.0 = Debug|x64
		{53D94356-ACE3-4AA5-9749-4A8285691026}.Debug|x86.ActiveCfg = Debug|Win32
		{53D94356-ACE3-4AA5-9749-4A8285691026}.Debug|x86.Build.0 = Debug|Win32
		{53D94356-ACE3-4AA5-9749-4A8285691026}.Release|Any CPU.ActiveCfg = Release|Win32
		{53D94356-ACE3-4AA5-9749-4A8285691026}.Release|x64.ActiveCfg = Release|x64
		{53D94356-ACE3-4AA5-9749-4A8285691026}.Release|x64.Build.0 = Release|x64
		{53D94356-ACE3-4AA5-9749-4A8285691026}.Release|x86.ActiveCfg = Release|Win32
		{53D94356-ACE3-4AA5-9749-4A8285691026}.Release|x86.Build.0 = Release|Win32
		{A62C19C3-0A4F-41E6-85DD-81C2A19B4616}.Debug|Any CPU.ActiveCfg = Debug|Win32
		{A62C19C3-0A4F-41E6-85DD-81C2A19B4616}.Debug|x64.ActiveCfg = Debug|x64
		{A62C19C3-0A4F-41E6-85DD-81C2A19B4616}.Debug|x64.Build.0 = Debug|x64
		{A62C19C3-0A4F-41E6-85DD-81C2A19B4616}.Debug|x86.ActiveCfg = Debug|Win32
		{A62C19C3-0A4F-41E6-85DD-81C2A19B4616}.Debug|x86.Build.0 = Debug|Win32
		{A62C19C3-0A4F-41E6-85DD-81C2A19B4616}.Release|Any CPU.ActiveCfg = Release|Win32
		{A62C19C3-0A4F-41E6-85DD-81C2A19B4616}.Release|x64.ActiveCfg = Release|x64
		{A62C19C3-0A4F-41E6-85DD-81C2A19B4616}.Release|x64.Build.0 = Release|x64
		{A62C19C3-0A4F-41E6-85DD-81C2A19B4616}.Release|x86.ActiveCfg = Release|Win32
		{A62C19C3-0A4F-41E6-85DD-81C2A19B4616}.Release|x86.Build.0 = Release|Win32
		{0580B3A3-E3DE-42E3-B2C2-1F6FBC405A31}.Debug|Any CPU.ActiveCfg = Debug|Win32
		{0580B3A3-E3DE-42E3-B2C2-1F6FBC405A31}.Debug|x64.ActiveCfg = Debug|x64
		{0580B3A3-E3DE-42E3-B2C2-1F6FBC405A31}.Debug|x64.Build.0 = Debug|x64
		{0580B3A3-E3DE-42E3-B2C2-1F6FBC405A31}.Debug|x86.ActiveCfg = Debug|Win32
		{0580B3A3-E3DE-42E3-B2C2-1F6FBC405A31}.Debug|x86.Build.0 = Debug|Win32
		{0580B3A3-E3DE-42E3-B2C2-1F6FBC405A31}.Release|Any CPU.ActiveCfg = Release|Win32
		{0580B3A3-E3DE-42E3-B2C2-1F6FBC405A31}.Release|x64.ActiveCfg = Release|x64
		{0580B3A3-E3DE-42E3-B2C2-1F6FBC405A31}.Release|x64.Build.0 = Release|x64
		{0580B3A3-E3DE-42E3-B2C2-1F6FBC405A31}.Release|x86.ActiveCfg = Release|Win32
		{0580B3A3-E3DE-42E3-B2C2-1F6FBC405A31}.Release|x86.Build.0 = Release|Win32
		{A2E143F5-89E6-4DD5-AC90-DE92132D6263}.Debug|Any CPU.ActiveCfg = Debug|Win32
		{A2E143F5-89E6-4DD5-AC90-DE92132D6263}.Debug|x64.ActiveCfg = Debug|x64
		{A2E143F5-89E6-4DD5-AC90-DE92132D6263}.Debug|x64.Build.0 = Debug|x64
		{A2E143F5-89E6-4DD5-AC90-DE92132D6263}.Debug|x86.ActiveCfg = Debug|Win32
		{A2E143F5-89E6-4DD5-AC90-DE92132D6263}.Debug|x86.Build.0 = Debug|Win32
		{A2E143F5-89E6-4DD5-AC90-DE92132D6263}.Release|Any CPU.ActiveCfg = Release|Win32
		{A2E143F5-89E6-4DD5-AC90-DE92132D6263}.Release|x64.ActiveCfg = Release|x64
		{A2E143F5-89E6-4DD5-AC90-DE92132D6263}.Release|x64.Build.0 = Release|x64
		{A2E143F5-89E6-4DD5-AC90-DE92132D6263}.Release|x86.ActiveCfg = Release|Win32
		{A2E143F5-89E6-4DD5-AC90-DE92132D6263}.Release|x86.Build.0 = Release|Win32
		{4A2ACC8B-A36A-4FCA-8B85-8DB1DCAC8CF5}.Debug|Any CPU.ActiveCfg = Debug|Win32
		{4A2ACC8B-A36A-4FCA-8B85-8DB1DCAC8CF5}.Debug|x64.ActiveCfg = Debug|x64
		{4A2ACC8B-A36A-4FCA-8B85-8DB1DCAC8CF5}.Debug|x64.Build.0 = Debug|x64
		{4A2ACC8B-A36A-4FCA-8B85-8DB1DCAC8CF5}.Debug|x86.ActiveCfg = Debug|Win32
		{4A2ACC8B-A36A-4FCA-8B85-8DB1DCAC8CF5}.Debug|x86.Build.0 = Debug|Win32
		{4A2ACC8B-A36A-4FCA-8B85-8DB1DCAC8CF5}.Release|Any CPU.ActiveCfg = Release|Win32
		{4A2ACC8B-A36A-4FCA-8B85-8DB1DCAC8CF5}.Release|x64.ActiveCfg = Release|x64
		{4A2ACC8B-A36A-4FCA-8B85-8DB1DCAC8CF5}.Release|x64.Build.0 = Release|x64
		{4A2ACC8B-A36A-4FCA-8B85-8DB1DCAC8CF5}.Release|x86.ActiveCfg = Release|Win32
		{4A2ACC8B-A36A-4FCA-8B85-8DB1DCAC8CF5}.Release|x86.Build.0 = Release|Win32
		{0ED01847-5C22-4DD4-AEF0-A51137EF341E}.Debug|Any CPU.ActiveCfg = Debug|Win32
		{0ED01847-5C22-4DD4-AEF0-A51137EF341E}.Debug|x64.ActiveCfg = Debug|x64
		{0ED01847-5C22-4DD4-AEF0-A51137EF341E}.Debug|x64.Build.0 = Debug|x64
		{0ED01847-5C22-4DD4-AEF0-A51137EF341E}.Debug|x86.ActiveCfg = Debug|Win32
		{0ED01847-5C22-4DD4-AEF0-A51137EF341E}.Debug|x86.Build.0 = Debug|Win32
		{0ED01847-5C22-4DD4-AEF0-A51137EF341E}.Release|Any CPU.ActiveCfg = Release|Win32
		{0ED01847-5C22-4DD4-AEF0-A51137EF341E}.Release|x64.ActiveCfg = Release|x64
		{0ED01847-5C22-4DD4-AEF0-A51137EF341E}.Release|x64.Build.0 = Release|x64
		{0ED01847-5C22-4DD4-AEF0-A51137EF341E}.Release|x86.ActiveCfg = Release|Win32
		{0ED01847-5C22-4DD4-AEF0-A51137EF341E}.Release|x86.Build.0 = Release|Win32
		{D89764F8-60C2-468E-8B54-9B63A09C31A1}.Debug|Any CPU.ActiveCfg = Debug|Win32
		{D89764F8-60C2-468E-8B54-9B63A09C31A1}.Debug|x64.ActiveCfg = Debug|x64
		{D89764F8-60C2-468E-8B54-9B63A09C31A1}.Debug|x64.Build.0 = Debug|x64
		{D89764F8-60C2-468E-8B54-9B63A09C31A1}.Debug|x86.ActiveCfg = Debug|Win32
		{D89764F8-60C2-468E-8B54-9B63A09C31A1}.Debug|x86.Build.0 = Debug|Win32
		{D89764F8-60C2-468E-8B54-9B63A09C31A1}.Release|Any CPU.ActiveCfg = Release|Win32
		{D89764F8-60C2-468E-8B54-9B63A09C31A1}.Release|x64.ActiveCfg = Release|x64
		{D89764F8-60C2-468E-8B54-9B63A09C31A1}.Release|x64.Build.0 = Release|x64
		{D89764F8-60C2-468E-8B54-9B63A09C31A1}.Release|x86.ActiveCfg = Release|Win32
		{D89764F8-60C2-468E-8B54-9B63A09C31A1}.Release|x86.Build.0 = Release|Win32
		{C2F3ABEF-723F-4274-88A2-ABDC5384058A}.Debug|Any CPU.ActiveCfg = Debug|Win32
		{C2F3ABEF-723F-4274-88A2-ABDC5384058A}.Debug|x64.ActiveCfg = Debug|x64
		{C2F3ABEF-723F-4274-88A2-ABDC5384058A}.Debug|x64.Build.0 = Debug|x64
		{C2F3ABEF-723F-4274-88A2-ABDC5384058A}.Debug|x86.ActiveCfg = Debug|Win32
		{C2F3ABEF-723F-4274-88A2-ABDC5384058A}.Debug|x86.Build.0 = Debug|Win32
		{C2F3ABEF-723F-4274-88A2-ABDC5384058A}.Release|Any CPU.ActiveCfg = Release|Win32
		{C2F3ABEF-723F-4274-88A2-ABDC5384058A}.Release|x64.ActiveCfg = Release|x64
		{C2F3ABEF-723F-4274-88A2-ABDC5384058A}.Release|x64.Build.0 = Release|x64
		{C2F3ABEF-723F-4274-88A2-ABDC5384058A}.Release|x86.ActiveCfg = Release|Win32
		{C2F3ABEF-723F-4274-88A2-ABDC5384058A}.Release|x86.Build.0 = Release|Win32
		{F63695F1-61EC-4F3D-8F00-E05669788CC9}.Debug|Any CPU.ActiveCfg = Debug|Win32
		{F63695F1-61EC-4F3D-8F00-E05669788CC9}.Debug|x64.ActiveCfg = Debug|x64
		{F63695F1-61EC-4F3D-8F00-E05669788CC9}.Debug|x64.Build.0 = Debug|x64
		{F63695F1-61EC-4F3D-8F00-E05669788CC9}.Debug|x86.ActiveCfg = Debug|Win32
		{F63695F1-61EC-4F3D-8F00-E05669788CC9}.Debug|x86.Build.0 = Debug|Win32
		{F63695F1-61EC-4F3D-8F00-E05669788CC9}.Release|Any CPU.ActiveCfg = Release|Win32
		{F63695F1-61EC-4F3D-8F00-E05669788CC9}.Release|x64.ActiveCfg = Release|x64
		{F63695F1-61EC-4F3D-8F00-E05669788CC9}.Release|x64.Build.0 = Release|x64
		{F63695F1-61EC-4F3D-8F00-E05669788CC9}.Release|x86.ActiveCfg = Release|Win32
		{F63695F1-61EC-4F3D-8F00-E05669788CC9}.Release|x86.Build.0 = Release|Win32
		{579136CE-0A31-4A4E-90DC-3C252E9038F9}.Debug|Any CPU.ActiveCfg = Debug|Win32
		{579136CE-0A31-4A4E-90DC-3C252E9038F9}.Debug|x64.ActiveCfg = Debug|x64
		{579136CE-0A31-4A4E-90DC-3C252E9038F9}.Debug|x64.Build.0 = Debug|x64
		{579136CE-0A31-4A4E-90DC-3C252E9038F9}.Debug|x86.ActiveCfg = Debug|Win32
		{579136CE-0A31-4A4E-90DC-3C252E9038F9}.Debug|x86.Build.0 = Debug|Win32
		{579136CE-0A31-4A4E-90DC-3C252E9038F9}.Release|Any CPU.ActiveCfg = Release|Win32
		{579136CE-0A31-4A4E-90DC-3C252E9038F9}.Release|x64.ActiveCfg = Release|x64
		{579136CE-0A31-4A4E-90DC-3C252E9038F9}.Release|x64.Build.0 = Release|x64
		{579136CE-0A31-4A4E-90DC-3C252E9038F9}.Release|x86.ActiveCfg = Release|Win32
		{579136CE-0A31-4A4E-90DC-3C252E9038F9}.Release|x86.Build.0 = Release|Win32
		{00F85533-6F60-4B31-B53B-83F2FFD83C91}.Debug|Any CPU.ActiveCfg = Debug|Win32
		{00F85533-6F60-4B31-B53B-83F2FFD83C91}.Debug|x64.ActiveCfg = Debug|x64
		{00F85533-6F60-4B31-B53B-83F2FFD83C91}.Debug|x64.Build.0 = Debug|x64
		{00F85533-6F60-4B31-B53B-83F2FFD83C91}.Debug|x86.ActiveCfg = Debug|Win32
		{00F85533-6F60-4B31-B53B-83F2FFD83C91}.Debug|x86.Build.0 = Debug|Win32
		{00F85533-6F60-4B31-B53B-83F2FFD83C91}.Release|Any CPU.ActiveCfg = Release|Win32
		{00F85533-6F60-4B31-B53B-83F2FFD83C91}.Release|x64.ActiveCfg = Release|x64
		{00F85533-6F60-4B31-B53B-83F2FFD83C91}.Release|x64.Build.0 = Release|x64
		{00F85533-6F60-4B31-B53B-83F2FFD83C91}.Release|x86.ActiveCfg = Release|Win32
		{00F85533-6F60-4B31-B53B-83F2FFD83C91}.Release|x86.Build.0 = Release|Win32
		{B7CE6FB6-092E-471C-BFB0-C7EA28913FB3}.Debug|Any CPU.ActiveCfg = Debug|Win32
		{B7CE6FB6-092E-471C-BFB0-C7EA28913FB3}.Debug|x64.ActiveCfg = Debug|x64
		{B7CE6FB6-092E-471C-BFB0-C7EA28913FB3}.Debug|x64.Build.0 = Debug|x64
		{B7CE6FB6-092E-471C-BFB0-C7EA28913FB3}.Debug|x86.ActiveCfg = Debug|Win32
		{B7CE6FB6-092E-471C-BFB0-C7EA28913FB3}.Debug|x86.Build.0 = Debug|Win32
		{B7CE6FB6-092E-471C-BFB0-C7EA28913FB3}.Release|Any CPU.ActiveCfg = Release|Win32
		{B7CE6FB6-092E-471C-BFB0-C7EA28913FB3}.Release|x64.ActiveCfg = Release|x64
		{B7CE6FB6-092E-471C-BFB0-C7EA28913FB3}.Release|x64.Build.0 = Release|x64
		{B7CE6FB6-092E-471C-BFB0-C7EA28913FB3}.Release|x86.ActiveCfg = Release|Win32
		{B7CE6FB6-092E-471C-BFB0-C7EA28913FB3}.Release|x86.Build.0 = Release|Win32
		{FC0872D6-B466-475C-A7A5-EFCFC55A19AA}.Debug|Any CPU.ActiveCfg = Debug|Any CPU
		{FC0872D6-B466-475C-A7A5-EFCFC55A19AA}.Debug|Any CPU.Build.0 = Debug|Any CPU
		{FC0872D6-B466-475C-A7A5-EFCFC55A19AA}.Debug|x64.ActiveCfg = Debug|Any CPU
		{FC0872D6-B466-475C-A7A5-EFCFC55A19AA}.Debug|x64.Build.0 = Debug|Any CPU
		{FC0872D6-B466-475C-A7A5-EFCFC55A19AA}.Debug|x86.ActiveCfg = Debug|Any CPU
		{FC0872D6-B466-475C-A7A5-EFCFC55A19AA}.Debug|x86.Build.0 = Debug|Any CPU
		{FC0872D6-B466-475C-A7A5-EFCFC55A19AA}.Release|Any CPU.ActiveCfg = Release|Any CPU
		{FC0872D6-B466-475C-A7A5-EFCFC55A19AA}.Release|Any CPU.Build.0 = Release|Any CPU
		{FC0872D6-B466-475C-A7A5-EFCFC55A19AA}.Release|x64.ActiveCfg = Release|Any CPU
		{FC0872D6-B466-475C-A7A5-EFCFC55A19AA}.Release|x64.Build.0 = Release|Any CPU
		{FC0872D6-B466-475C-A7A5-EFCFC55A19AA}.Release|x86.ActiveCfg = Release|Any CPU
		{FC0872D6-B466-475C-A7A5-EFCFC55A19AA}.Release|x86.Build.0 = Release|Any CPU
		{12EC4450-C17D-473E-883B-4E1A52D9671C}.Debug|Any CPU.ActiveCfg = Debug|Win32
		{12EC4450-C17D-473E-883B-4E1A52D9671C}.Debug|x64.ActiveCfg = Debug|x64
		{12EC4450-C17D-473E-883B-4E1A52D9671C}.Debug|x64.Build.0 = Debug|x64
		{12EC4450-C17D-473E-883B-4E1A52D9671C}.Debug|x86.ActiveCfg = Debug|Win32
		{12EC4450-C17D-473E-883B-4E1A52D9671C}.Debug|x86.Build.0 = Debug|Win32
		{12EC4450-C17D-473E-883B-4E1A52D9671C}.Release|Any CPU.ActiveCfg = Release|Win32
		{12EC4450-C17D-473E-883B-4E1A52D9671C}.Release|x64.ActiveCfg = Release|x64
		{12EC4450-C17D-473E-883B-4E1A52D9671C}.Release|x64.Build.0 = Release|x64
		{12EC4450-C17D-473E-883B-4E1A52D9671C}.Release|x86.ActiveCfg = Release|Win32
		{12EC4450-C17D-473E-883B-4E1A52D9671C}.Release|x86.Build.0 = Release|Win32
		{2ADBD005-957A-49D9-B7F1-DAC557F343EB}.Debug|Any CPU.ActiveCfg = Debug|Win32
		{2ADBD005-957A-49D9-B7F1-DAC557F343EB}.Debug|x64.ActiveCfg = Debug|x64
		{2ADBD005-957A-49D9-B7F1-DAC557F343EB}.Debug|x64.Build.0 = Debug|x64
		{2ADBD005-957A-49D9-B7F1-DAC557F343EB}.Debug|x86.ActiveCfg = Debug|Win32
		{2ADBD005-957A-49D9-B7F1-DAC557F343EB}.Debug|x86.Build.0 = Debug|Win32
		{2ADBD005-957A-49D9-B7F1-DAC557F343EB}.Release|Any CPU.ActiveCfg = Release|Win32
		{2ADBD005-957A-49D9-B7F1-DAC557F343EB}.Release|x64.ActiveCfg = Release|x64
		{2ADBD005-957A-49D9-B7F1-DAC557F343EB}.Release|x64.Build.0 = Release|x64
		{2ADBD005-957A-49D9-B7F1-DAC557F343EB}.Release|x86.ActiveCfg = Release|Win32
		{2ADBD005-957A-49D9-B7F1-DAC557F343EB}.Release|x86.Build.0 = Release|Win32
		{44E69A19-F5DB-4810-AF6E-12CE3BF19F5D}.Debug|Any CPU.ActiveCfg = Debug|Any CPU
		{44E69A19-F5DB-4810-AF6E-12CE3BF19F5D}.Debug|Any CPU.Build.0 = Debug|Any CPU
		{44E69A19-F5DB-4810-AF6E-12CE3BF19F5D}.Debug|x64.ActiveCfg = Debug|Any CPU
		{44E69A19-F5DB-4810-AF6E-12CE3BF19F5D}.Debug|x64.Build.0 = Debug|Any CPU
		{44E69A19-F5DB-4810-AF6E-12CE3BF19F5D}.Debug|x86.ActiveCfg = Debug|Any CPU
		{44E69A19-F5DB-4810-AF6E-12CE3BF19F5D}.Debug|x86.Build.0 = Debug|Any CPU
		{44E69A19-F5DB-4810-AF6E-12CE3BF19F5D}.Release|Any CPU.ActiveCfg = Release|Any CPU
		{44E69A19-F5DB-4810-AF6E-12CE3BF19F5D}.Release|Any CPU.Build.0 = Release|Any CPU
		{44E69A19-F5DB-4810-AF6E-12CE3BF19F5D}.Release|x64.ActiveCfg = Release|Any CPU
		{44E69A19-F5DB-4810-AF6E-12CE3BF19F5D}.Release|x64.Build.0 = Release|Any CPU
		{44E69A19-F5DB-4810-AF6E-12CE3BF19F5D}.Release|x86.ActiveCfg = Release|Any CPU
		{44E69A19-F5DB-4810-AF6E-12CE3BF19F5D}.Release|x86.Build.0 = Release|Any CPU
		{D0D6C8F8-064D-45C2-9D0F-6D44252BCDA9}.Debug|Any CPU.ActiveCfg = Debug|Win32
		{D0D6C8F8-064D-45C2-9D0F-6D44252BCDA9}.Debug|x64.ActiveCfg = Debug|x64
		{D0D6C8F8-064D-45C2-9D0F-6D44252BCDA9}.Debug|x64.Build.0 = Debug|x64
		{D0D6C8F8-064D-45C2-9D0F-6D44252BCDA9}.Debug|x86.ActiveCfg = Debug|Win32
		{D0D6C8F8-064D-45C2-9D0F-6D44252BCDA9}.Debug|x86.Build.0 = Debug|Win32
		{D0D6C8F8-064D-45C2-9D0F-6D44252BCDA9}.Release|Any CPU.ActiveCfg = Release|Win32
		{D0D6C8F8-064D-45C2-9D0F-6D44252BCDA9}.Release|x64.ActiveCfg = Release|x64
		{D0D6C8F8-064D-45C2-9D0F-6D44252BCDA9}.Release|x64.Build.0 = Release|x64
		{D0D6C8F8-064D-45C2-9D0F-6D44252BCDA9}.Release|x86.ActiveCfg = Release|Win32
		{D0D6C8F8-064D-45C2-9D0F-6D44252BCDA9}.Release|x86.Build.0 = Release|Win32
		{554578B2-A64C-4E51-ADD3-CCE16F772A67}.Debug|Any CPU.ActiveCfg = Debug|Win32
		{554578B2-A64C-4E51-ADD3-CCE16F772A67}.Debug|x64.ActiveCfg = Debug|x64
		{554578B2-A64C-4E51-ADD3-CCE16F772A67}.Debug|x64.Build.0 = Debug|x64
		{554578B2-A64C-4E51-ADD3-CCE16F772A67}.Debug|x86.ActiveCfg = Debug|Win32
		{554578B2-A64C-4E51-ADD3-CCE16F772A67}.Debug|x86.Build.0 = Debug|Win32
		{554578B2-A64C-4E51-ADD3-CCE16F772A67}.Release|Any CPU.ActiveCfg = Release|Win32
		{554578B2-A64C-4E51-ADD3-CCE16F772A67}.Release|x64.ActiveCfg = Release|x64
		{554578B2-A64C-4E51-ADD3-CCE16F772A67}.Release|x64.Build.0 = Release|x64
		{554578B2-A64C-4E51-ADD3-CCE16F772A67}.Release|x86.ActiveCfg = Release|Win32
		{554578B2-A64C-4E51-ADD3-CCE16F772A67}.Release|x86.Build.0 = Release|Win32
		{FB911242-4DC0-48E6-A4C5-7803F818C992}.Debug|Any CPU.ActiveCfg = Debug|Win32
		{FB911242-4DC0-48E6-A4C5-7803F818C992}.Debug|x64.ActiveCfg = Debug|x64
		{FB911242-4DC0-48E6-A4C5-7803F818C992}.Debug|x64.Build.0 = Debug|x64
		{FB911242-4DC0-48E6-A4C5-7803F818C992}.Debug|x86.ActiveCfg = Debug|Win32
		{FB911242-4DC0-48E6-A4C5-7803F818C992}.Debug|x86.Build.0 = Debug|Win32
		{FB911242-4DC0-48E6-A4C5-7803F818C992}.Release|Any CPU.ActiveCfg = Release|Win32
		{FB911242-4DC0-48E6-A4C5-7803F818C992}.Release|x64.ActiveCfg = Release|x64
		{FB911242-4DC0-48E6-A4C5-7803F818C992}.Release|x64.Build.0 = Release|x64
		{FB911242-4DC0-48E6-A4C5-7803F818C992}.Release|x86.ActiveCfg = Release|Win32
		{FB911242-4DC0-48E6-A4C5-7803F818C992}.Release|x86.Build.0 = Release|Win32
		{BA94B417-99A2-443E-BD16-F53FDC7F9883}.Debug|Any CPU.ActiveCfg = Debug|Win32
		{BA94B417-99A2-443E-BD16-F53FDC7F9883}.Debug|x64.ActiveCfg = Debug|x64
		{BA94B417-99A2-443E-BD16-F53FDC7F9883}.Debug|x64.Build.0 = Debug|x64
		{BA94B417-99A2-443E-BD16-F53FDC7F9883}.Debug|x86.ActiveCfg = Debug|Win32
		{BA94B417-99A2-443E-BD16-F53FDC7F9883}.Debug|x86.Build.0 = Debug|Win32
		{BA94B417-99A2-443E-BD16-F53FDC7F9883}.Release|Any CPU.ActiveCfg = Release|Win32
		{BA94B417-99A2-443E-BD16-F53FDC7F9883}.Release|x64.ActiveCfg = Release|x64
		{BA94B417-99A2-443E-BD16-F53FDC7F9883}.Release|x64.Build.0 = Release|x64
		{BA94B417-99A2-443E-BD16-F53FDC7F9883}.Release|x86.ActiveCfg = Release|Win32
		{BA94B417-99A2-443E-BD16-F53FDC7F9883}.Release|x86.Build.0 = Release|Win32
	EndGlobalSection
	GlobalSection(SolutionProperties) = preSolution
		HideSolutionNode = FALSE
	EndGlobalSection
	GlobalSection(ExtensibilityGlobals) = postSolution
		SolutionGuid = {18096794-9F9E-411A-813C-1683912CB838}
	EndGlobalSection
EndGlobal
