
Microsoft Visual Studio Solution File, Format Version 12.00
# Visual Studio Version 16
VisualStudioVersion = 16.0.30011.22
MinimumVisualStudioVersion = 10.0.40219.1
Project("{8BC9CEB8-8B4A-11D0-8D11-00A0C91BC942}") = "gl_glfw00_site_tutorial", "gl_glfw00_site_tutorial\gl_glfw00_site_tutorial.vcxproj", "{F02F595D-9276-497C-82A0-BB653F7C4093}"
EndProject
Project("{8BC9CEB8-8B4A-11D0-8D11-00A0C91BC942}") = "c00_utf8", "t00_utf8\t00_utf8.vcxproj", "{8576CC8B-5354-4968-8845-3EB063CCD420}"
EndProject
Project("{8BC9CEB8-8B4A-11D0-8D11-00A0C91BC942}") = "c01_nuklear_hello", "t01_nuklear_hello\t01_nuklear_hello.vcxproj", "{127CD5EB-1B8D-487C-95BA-2481117CB2B2}"
EndProject
Project("{8BC9CEB8-8B4A-11D0-8D11-00A0C91BC942}") = "lib01_nana", "nana00_hello\nana00_hello.vcxproj", "{FDF6D054-70F1-4C2F-B7E6-9484E34472E8}"
EndProject
Project("{8BC9CEB8-8B4A-11D0-8D11-00A0C91BC942}") = "lib00_webview_zserge_please", "webview_zserge_please\webview_zserge_please.vcxproj", "{53D94356-ACE3-4AA5-9749-4A8285691026}"
EndProject
Project("{8BC9CEB8-8B4A-11D0-8D11-00A0C91BC942}") = "lib02_nlohman_json", "lib02_nlohman_json\lib02_nlohman_json.vcxproj", "{A62C19C3-0A4F-41E6-85DD-81C2A19B4616}"
EndProject
Project("{8BC9CEB8-8B4A-11D0-8D11-00A0C91BC942}") = "lib03_boosttest", "lib03_boosttest\lib03_boosttest.vcxproj", "{0580B3A3-E3DE-42E3-B2C2-1F6FBC405A31}"
EndProject
Project("{8BC9CEB8-8B4A-11D0-8D11-00A0C91BC942}") = "lib04_fmt", "lib04_fmt\lib04_fmt.vcxproj", "{A2E143F5-89E6-4DD5-AC90-DE92132D6263}"
EndProject
Project("{8BC9CEB8-8B4A-11D0-8D11-00A0C91BC942}") = "lib05_fmt_staticmd", "lib05_fmt_staticmd\lib05_fmt_staticmd.vcxproj", "{4A2ACC8B-A36A-4FCA-8B85-8DB1DCAC8CF5}"
EndProject
Project("{8BC9CEB8-8B4A-11D0-8D11-00A0C91BC942}") = "cpp00_optional", "cpp00_optional\cpp00_optional.vcxproj", "{0ED01847-5C22-4DD4-AEF0-A51137EF341E}"
EndProject
Project("{8BC9CEB8-8B4A-11D0-8D11-00A0C91BC942}") = "lib06_cpp-httlib", "lib06_cpp-httlib\lib06_cpp-httlib.vcxproj", "{D89764F8-60C2-468E-8B54-9B63A09C31A1}"
EndProject
Project("{8BC9CEB8-8B4A-11D0-8D11-00A0C91BC942}") = "gl_glfw01_dependency", "gl_glfw01_dependency\gl_glfw01_dependency.vcxproj", "{C2F3ABEF-723F-4274-88A2-ABDC5384058A}"
EndProject
Global
	GlobalSection(SolutionConfigurationPlatforms) = preSolution
		Debug|x64 = Debug|x64
		Debug|x86 = Debug|x86
		Release|x64 = Release|x64
		Release|x86 = Release|x86
	EndGlobalSection
	GlobalSection(ProjectConfigurationPlatforms) = postSolution
		{F02F595D-9276-497C-82A0-BB653F7C4093}.Debug|x64.ActiveCfg = Debug|x64
		{F02F595D-9276-497C-82A0-BB653F7C4093}.Debug|x64.Build.0 = Debug|x64
		{F02F595D-9276-497C-82A0-BB653F7C4093}.Debug|x86.ActiveCfg = Debug|Win32
		{F02F595D-9276-497C-82A0-BB653F7C4093}.Debug|x86.Build.0 = Debug|Win32
		{F02F595D-9276-497C-82A0-BB653F7C4093}.Release|x64.ActiveCfg = Release|x64
		{F02F595D-9276-497C-82A0-BB653F7C4093}.Release|x64.Build.0 = Release|x64
		{F02F595D-9276-497C-82A0-BB653F7C4093}.Release|x86.ActiveCfg = Release|Win32
		{F02F595D-9276-497C-82A0-BB653F7C4093}.Release|x86.Build.0 = Release|Win32
		{8576CC8B-5354-4968-8845-3EB063CCD420}.Debug|x64.ActiveCfg = Debug|x64
		{8576CC8B-5354-4968-8845-3EB063CCD420}.Debug|x64.Build.0 = Debug|x64
		{8576CC8B-5354-4968-8845-3EB063CCD420}.Debug|x86.ActiveCfg = Debug|Win32
		{8576CC8B-5354-4968-8845-3EB063CCD420}.Debug|x86.Build.0 = Debug|Win32
		{8576CC8B-5354-4968-8845-3EB063CCD420}.Release|x64.ActiveCfg = Release|x64
		{8576CC8B-5354-4968-8845-3EB063CCD420}.Release|x64.Build.0 = Release|x64
		{8576CC8B-5354-4968-8845-3EB063CCD420}.Release|x86.ActiveCfg = Release|Win32
		{8576CC8B-5354-4968-8845-3EB063CCD420}.Release|x86.Build.0 = Release|Win32
		{127CD5EB-1B8D-487C-95BA-2481117CB2B2}.Debug|x64.ActiveCfg = Debug|x64
		{127CD5EB-1B8D-487C-95BA-2481117CB2B2}.Debug|x64.Build.0 = Debug|x64
		{127CD5EB-1B8D-487C-95BA-2481117CB2B2}.Debug|x86.ActiveCfg = Debug|Win32
		{127CD5EB-1B8D-487C-95BA-2481117CB2B2}.Debug|x86.Build.0 = Debug|Win32
		{127CD5EB-1B8D-487C-95BA-2481117CB2B2}.Release|x64.ActiveCfg = Release|x64
		{127CD5EB-1B8D-487C-95BA-2481117CB2B2}.Release|x64.Build.0 = Release|x64
		{127CD5EB-1B8D-487C-95BA-2481117CB2B2}.Release|x86.ActiveCfg = Release|Win32
		{127CD5EB-1B8D-487C-95BA-2481117CB2B2}.Release|x86.Build.0 = Release|Win32
		{FDF6D054-70F1-4C2F-B7E6-9484E34472E8}.Debug|x64.ActiveCfg = Debug|x64
		{FDF6D054-70F1-4C2F-B7E6-9484E34472E8}.Debug|x64.Build.0 = Debug|x64
		{FDF6D054-70F1-4C2F-B7E6-9484E34472E8}.Debug|x86.ActiveCfg = Debug|Win32
		{FDF6D054-70F1-4C2F-B7E6-9484E34472E8}.Debug|x86.Build.0 = Debug|Win32
		{FDF6D054-70F1-4C2F-B7E6-9484E34472E8}.Release|x64.ActiveCfg = Release|x64
		{FDF6D054-70F1-4C2F-B7E6-9484E34472E8}.Release|x64.Build.0 = Release|x64
		{FDF6D054-70F1-4C2F-B7E6-9484E34472E8}.Release|x86.ActiveCfg = Release|Win32
		{FDF6D054-70F1-4C2F-B7E6-9484E34472E8}.Release|x86.Build.0 = Release|Win32
		{53D94356-ACE3-4AA5-9749-4A8285691026}.Debug|x64.ActiveCfg = Debug|x64
		{53D94356-ACE3-4AA5-9749-4A8285691026}.Debug|x64.Build.0 = Debug|x64
		{53D94356-ACE3-4AA5-9749-4A8285691026}.Debug|x86.ActiveCfg = Debug|Win32
		{53D94356-ACE3-4AA5-9749-4A8285691026}.Debug|x86.Build.0 = Debug|Win32
		{53D94356-ACE3-4AA5-9749-4A8285691026}.Release|x64.ActiveCfg = Release|x64
		{53D94356-ACE3-4AA5-9749-4A8285691026}.Release|x64.Build.0 = Release|x64
		{53D94356-ACE3-4AA5-9749-4A8285691026}.Release|x86.ActiveCfg = Release|Win32
		{53D94356-ACE3-4AA5-9749-4A8285691026}.Release|x86.Build.0 = Release|Win32
		{A62C19C3-0A4F-41E6-85DD-81C2A19B4616}.Debug|x64.ActiveCfg = Debug|x64
		{A62C19C3-0A4F-41E6-85DD-81C2A19B4616}.Debug|x64.Build.0 = Debug|x64
		{A62C19C3-0A4F-41E6-85DD-81C2A19B4616}.Debug|x86.ActiveCfg = Debug|Win32
		{A62C19C3-0A4F-41E6-85DD-81C2A19B4616}.Debug|x86.Build.0 = Debug|Win32
		{A62C19C3-0A4F-41E6-85DD-81C2A19B4616}.Release|x64.ActiveCfg = Release|x64
		{A62C19C3-0A4F-41E6-85DD-81C2A19B4616}.Release|x64.Build.0 = Release|x64
		{A62C19C3-0A4F-41E6-85DD-81C2A19B4616}.Release|x86.ActiveCfg = Release|Win32
		{A62C19C3-0A4F-41E6-85DD-81C2A19B4616}.Release|x86.Build.0 = Release|Win32
		{0580B3A3-E3DE-42E3-B2C2-1F6FBC405A31}.Debug|x64.ActiveCfg = Debug|x64
		{0580B3A3-E3DE-42E3-B2C2-1F6FBC405A31}.Debug|x64.Build.0 = Debug|x64
		{0580B3A3-E3DE-42E3-B2C2-1F6FBC405A31}.Debug|x86.ActiveCfg = Debug|Win32
		{0580B3A3-E3DE-42E3-B2C2-1F6FBC405A31}.Debug|x86.Build.0 = Debug|Win32
		{0580B3A3-E3DE-42E3-B2C2-1F6FBC405A31}.Release|x64.ActiveCfg = Release|x64
		{0580B3A3-E3DE-42E3-B2C2-1F6FBC405A31}.Release|x64.Build.0 = Release|x64
		{0580B3A3-E3DE-42E3-B2C2-1F6FBC405A31}.Release|x86.ActiveCfg = Release|Win32
		{0580B3A3-E3DE-42E3-B2C2-1F6FBC405A31}.Release|x86.Build.0 = Release|Win32
		{A2E143F5-89E6-4DD5-AC90-DE92132D6263}.Debug|x64.ActiveCfg = Debug|x64
		{A2E143F5-89E6-4DD5-AC90-DE92132D6263}.Debug|x64.Build.0 = Debug|x64
		{A2E143F5-89E6-4DD5-AC90-DE92132D6263}.Debug|x86.ActiveCfg = Debug|Win32
		{A2E143F5-89E6-4DD5-AC90-DE92132D6263}.Debug|x86.Build.0 = Debug|Win32
		{A2E143F5-89E6-4DD5-AC90-DE92132D6263}.Release|x64.ActiveCfg = Release|x64
		{A2E143F5-89E6-4DD5-AC90-DE92132D6263}.Release|x64.Build.0 = Release|x64
		{A2E143F5-89E6-4DD5-AC90-DE92132D6263}.Release|x86.ActiveCfg = Release|Win32
		{A2E143F5-89E6-4DD5-AC90-DE92132D6263}.Release|x86.Build.0 = Release|Win32
		{4A2ACC8B-A36A-4FCA-8B85-8DB1DCAC8CF5}.Debug|x64.ActiveCfg = Debug|x64
		{4A2ACC8B-A36A-4FCA-8B85-8DB1DCAC8CF5}.Debug|x64.Build.0 = Debug|x64
		{4A2ACC8B-A36A-4FCA-8B85-8DB1DCAC8CF5}.Debug|x86.ActiveCfg = Debug|Win32
		{4A2ACC8B-A36A-4FCA-8B85-8DB1DCAC8CF5}.Debug|x86.Build.0 = Debug|Win32
		{4A2ACC8B-A36A-4FCA-8B85-8DB1DCAC8CF5}.Release|x64.ActiveCfg = Release|x64
		{4A2ACC8B-A36A-4FCA-8B85-8DB1DCAC8CF5}.Release|x64.Build.0 = Release|x64
		{4A2ACC8B-A36A-4FCA-8B85-8DB1DCAC8CF5}.Release|x86.ActiveCfg = Release|Win32
		{4A2ACC8B-A36A-4FCA-8B85-8DB1DCAC8CF5}.Release|x86.Build.0 = Release|Win32
		{0ED01847-5C22-4DD4-AEF0-A51137EF341E}.Debug|x64.ActiveCfg = Debug|x64
		{0ED01847-5C22-4DD4-AEF0-A51137EF341E}.Debug|x64.Build.0 = Debug|x64
		{0ED01847-5C22-4DD4-AEF0-A51137EF341E}.Debug|x86.ActiveCfg = Debug|Win32
		{0ED01847-5C22-4DD4-AEF0-A51137EF341E}.Debug|x86.Build.0 = Debug|Win32
		{0ED01847-5C22-4DD4-AEF0-A51137EF341E}.Release|x64.ActiveCfg = Release|x64
		{0ED01847-5C22-4DD4-AEF0-A51137EF341E}.Release|x64.Build.0 = Release|x64
		{0ED01847-5C22-4DD4-AEF0-A51137EF341E}.Release|x86.ActiveCfg = Release|Win32
		{0ED01847-5C22-4DD4-AEF0-A51137EF341E}.Release|x86.Build.0 = Release|Win32
		{D89764F8-60C2-468E-8B54-9B63A09C31A1}.Debug|x64.ActiveCfg = Debug|x64
		{D89764F8-60C2-468E-8B54-9B63A09C31A1}.Debug|x64.Build.0 = Debug|x64
		{D89764F8-60C2-468E-8B54-9B63A09C31A1}.Debug|x86.ActiveCfg = Debug|Win32
		{D89764F8-60C2-468E-8B54-9B63A09C31A1}.Debug|x86.Build.0 = Debug|Win32
		{D89764F8-60C2-468E-8B54-9B63A09C31A1}.Release|x64.ActiveCfg = Release|x64
		{D89764F8-60C2-468E-8B54-9B63A09C31A1}.Release|x64.Build.0 = Release|x64
		{D89764F8-60C2-468E-8B54-9B63A09C31A1}.Release|x86.ActiveCfg = Release|Win32
		{D89764F8-60C2-468E-8B54-9B63A09C31A1}.Release|x86.Build.0 = Release|Win32
		{C2F3ABEF-723F-4274-88A2-ABDC5384058A}.Debug|x64.ActiveCfg = Debug|x64
		{C2F3ABEF-723F-4274-88A2-ABDC5384058A}.Debug|x64.Build.0 = Debug|x64
		{C2F3ABEF-723F-4274-88A2-ABDC5384058A}.Debug|x86.ActiveCfg = Debug|Win32
		{C2F3ABEF-723F-4274-88A2-ABDC5384058A}.Debug|x86.Build.0 = Debug|Win32
		{C2F3ABEF-723F-4274-88A2-ABDC5384058A}.Release|x64.ActiveCfg = Release|x64
		{C2F3ABEF-723F-4274-88A2-ABDC5384058A}.Release|x64.Build.0 = Release|x64
		{C2F3ABEF-723F-4274-88A2-ABDC5384058A}.Release|x86.ActiveCfg = Release|Win32
		{C2F3ABEF-723F-4274-88A2-ABDC5384058A}.Release|x86.Build.0 = Release|Win32
	EndGlobalSection
	GlobalSection(SolutionProperties) = preSolution
		HideSolutionNode = FALSE
	EndGlobalSection
	GlobalSection(ExtensibilityGlobals) = postSolution
		SolutionGuid = {18096794-9F9E-411A-813C-1683912CB838}
	EndGlobalSection
EndGlobal
