
Microsoft Visual Studio Solution File, Format Version 12.00
# Visual Studio 15
VisualStudioVersion = 15.0.27004.2002
MinimumVisualStudioVersion = 10.0.40219.1
Project("{8BC9CEB8-8B4A-11D0-8D11-00A0C91BC942}") = "wtf", "wtf\wtf.vcxproj", "{14AEE4DF-7E43-41BC-82A8-AE8DFEAA4CB8}"
EndProject
Project("{8BC9CEB8-8B4A-11D0-8D11-00A0C91BC942}") = "rrrrrr", "rrrrrr\rrrrrr.vcxproj", "{367D64C2-B904-41E9-A25C-74BCD582E847}"
EndProject
Project("{8BC9CEB8-8B4A-11D0-8D11-00A0C91BC942}") = "uaaaaa", "uaaaaa\uaaaaa.vcxproj", "{E7C91A46-25A4-4C94-A435-8CF4CF84E03C}"
EndProject
Project("{8BC9CEB8-8B4A-11D0-8D11-00A0C91BC942}") = "objectrack", "objectrack\objectrack.vcxproj", "{11DF5B76-23D2-420C-AF16-3EEDFD57DF42}"
EndProject
Global
	GlobalSection(SolutionConfigurationPlatforms) = preSolution
		Debug|x64 = Debug|x64
		Debug|x86 = Debug|x86
		Release|x64 = Release|x64
		Release|x86 = Release|x86
	EndGlobalSection
	GlobalSection(ProjectConfigurationPlatforms) = postSolution
		{14AEE4DF-7E43-41BC-82A8-AE8DFEAA4CB8}.Debug|x64.ActiveCfg = Debug|x64
		{14AEE4DF-7E43-41BC-82A8-AE8DFEAA4CB8}.Debug|x64.Build.0 = Debug|x64
		{14AEE4DF-7E43-41BC-82A8-AE8DFEAA4CB8}.Debug|x86.ActiveCfg = Debug|Win32
		{14AEE4DF-7E43-41BC-82A8-AE8DFEAA4CB8}.Debug|x86.Build.0 = Debug|Win32
		{14AEE4DF-7E43-41BC-82A8-AE8DFEAA4CB8}.Release|x64.ActiveCfg = Release|x64
		{14AEE4DF-7E43-41BC-82A8-AE8DFEAA4CB8}.Release|x64.Build.0 = Release|x64
		{14AEE4DF-7E43-41BC-82A8-AE8DFEAA4CB8}.Release|x86.ActiveCfg = Release|Win32
		{14AEE4DF-7E43-41BC-82A8-AE8DFEAA4CB8}.Release|x86.Build.0 = Release|Win32
		{367D64C2-B904-41E9-A25C-74BCD582E847}.Debug|x64.ActiveCfg = Debug|x64
		{367D64C2-B904-41E9-A25C-74BCD582E847}.Debug|x64.Build.0 = Debug|x64
		{367D64C2-B904-41E9-A25C-74BCD582E847}.Debug|x86.ActiveCfg = Debug|Win32
		{367D64C2-B904-41E9-A25C-74BCD582E847}.Debug|x86.Build.0 = Debug|Win32
		{367D64C2-B904-41E9-A25C-74BCD582E847}.Release|x64.ActiveCfg = Release|x64
		{367D64C2-B904-41E9-A25C-74BCD582E847}.Release|x64.Build.0 = Release|x64
		{367D64C2-B904-41E9-A25C-74BCD582E847}.Release|x86.ActiveCfg = Release|Win32
		{367D64C2-B904-41E9-A25C-74BCD582E847}.Release|x86.Build.0 = Release|Win32
		{E7C91A46-25A4-4C94-A435-8CF4CF84E03C}.Debug|x64.ActiveCfg = Debug|x64
		{E7C91A46-25A4-4C94-A435-8CF4CF84E03C}.Debug|x64.Build.0 = Debug|x64
		{E7C91A46-25A4-4C94-A435-8CF4CF84E03C}.Debug|x86.ActiveCfg = Debug|Win32
		{E7C91A46-25A4-4C94-A435-8CF4CF84E03C}.Debug|x86.Build.0 = Debug|Win32
		{E7C91A46-25A4-4C94-A435-8CF4CF84E03C}.Release|x64.ActiveCfg = Release|x64
		{E7C91A46-25A4-4C94-A435-8CF4CF84E03C}.Release|x64.Build.0 = Release|x64
		{E7C91A46-25A4-4C94-A435-8CF4CF84E03C}.Release|x86.ActiveCfg = Release|Win32
		{E7C91A46-25A4-4C94-A435-8CF4CF84E03C}.Release|x86.Build.0 = Release|Win32
		{11DF5B76-23D2-420C-AF16-3EEDFD57DF42}.Debug|x64.ActiveCfg = Debug|x64
		{11DF5B76-23D2-420C-AF16-3EEDFD57DF42}.Debug|x64.Build.0 = Debug|x64
		{11DF5B76-23D2-420C-AF16-3EEDFD57DF42}.Debug|x86.ActiveCfg = Debug|Win32
		{11DF5B76-23D2-420C-AF16-3EEDFD57DF42}.Debug|x86.Build.0 = Debug|Win32
		{11DF5B76-23D2-420C-AF16-3EEDFD57DF42}.Release|x64.ActiveCfg = Release|x64
		{11DF5B76-23D2-420C-AF16-3EEDFD57DF42}.Release|x64.Build.0 = Release|x64
		{11DF5B76-23D2-420C-AF16-3EEDFD57DF42}.Release|x86.ActiveCfg = Release|Win32
		{11DF5B76-23D2-420C-AF16-3EEDFD57DF42}.Release|x86.Build.0 = Release|Win32
	EndGlobalSection
	GlobalSection(SolutionProperties) = preSolution
		HideSolutionNode = FALSE
	EndGlobalSection
	GlobalSection(ExtensibilityGlobals) = postSolution
		SolutionGuid = {2BF51B45-FA3A-474F-B332-DEAC5F85E76A}
	EndGlobalSection
EndGlobal
